<?xml version="1.0" encoding="UTF-8"?>
<!DOCTYPE plist PUBLIC "-//Apple//DTD PLIST 1.0//EN" "http://www.apple.com/DTDs/PropertyList-1.0.dtd">
<plist version="1.0">
<dict>
	<key>archiveVersion</key>
	<string>1</string>
	<key>classes</key>
	<dict/>
	<key>objectVersion</key>
	<string>46</string>
	<key>objects</key>
	<dict>
		<key>0221142A1D5441E000F44E88</key>
		<dict>
			<key>fileEncoding</key>
			<string>4</string>
			<key>isa</key>
			<string>PBXFileReference</string>
			<key>lastKnownFileType</key>
			<string>sourcecode.c.h</string>
			<key>path</key>
			<string>Common_Item_Cell.h</string>
			<key>sourceTree</key>
			<string>&lt;group&gt;</string>
		</dict>
		<key>0221142B1D5441E000F44E88</key>
		<dict>
			<key>fileEncoding</key>
			<string>4</string>
			<key>isa</key>
			<string>PBXFileReference</string>
			<key>lastKnownFileType</key>
			<string>sourcecode.c.objc</string>
			<key>path</key>
			<string>Common_Item_Cell.m</string>
			<key>sourceTree</key>
			<string>&lt;group&gt;</string>
		</dict>
		<key>0221142C1D5441E000F44E88</key>
		<dict>
			<key>fileRef</key>
			<string>0221142B1D5441E000F44E88</string>
			<key>isa</key>
			<string>PBXBuildFile</string>
		</dict>
		<key>0221142D1D54426000F44E88</key>
		<dict>
			<key>fileEncoding</key>
			<string>4</string>
			<key>isa</key>
			<string>PBXFileReference</string>
			<key>lastKnownFileType</key>
			<string>sourcecode.c.h</string>
			<key>path</key>
			<string>ReserveScreen.h</string>
			<key>sourceTree</key>
			<string>&lt;group&gt;</string>
		</dict>
		<key>0221142E1D54426000F44E88</key>
		<dict>
			<key>fileEncoding</key>
			<string>4</string>
			<key>isa</key>
			<string>PBXFileReference</string>
			<key>lastKnownFileType</key>
			<string>sourcecode.c.objc</string>
			<key>path</key>
			<string>ReserveScreen.m</string>
			<key>sourceTree</key>
			<string>&lt;group&gt;</string>
		</dict>
		<key>0221142F1D54426000F44E88</key>
		<dict>
			<key>fileRef</key>
			<string>0221142E1D54426000F44E88</string>
			<key>isa</key>
			<string>PBXBuildFile</string>
		</dict>
		<key>022114301D56494300F44E88</key>
		<dict>
			<key>fileEncoding</key>
			<string>4</string>
			<key>isa</key>
			<string>PBXFileReference</string>
			<key>lastKnownFileType</key>
			<string>sourcecode.c.h</string>
			<key>path</key>
			<string>TopCommunicator.h</string>
			<key>sourceTree</key>
			<string>&lt;group&gt;</string>
		</dict>
		<key>022114311D56494300F44E88</key>
		<dict>
			<key>fileEncoding</key>
			<string>4</string>
			<key>isa</key>
			<string>PBXFileReference</string>
			<key>lastKnownFileType</key>
			<string>sourcecode.c.objc</string>
			<key>path</key>
			<string>TopCommunicator.m</string>
			<key>sourceTree</key>
			<string>&lt;group&gt;</string>
		</dict>
		<key>022114321D56494300F44E88</key>
		<dict>
			<key>fileRef</key>
			<string>022114311D56494300F44E88</string>
			<key>isa</key>
			<string>PBXBuildFile</string>
		</dict>
		<key>022114331D564FFC00F44E88</key>
		<dict>
			<key>fileEncoding</key>
			<string>4</string>
			<key>isa</key>
			<string>PBXFileReference</string>
			<key>lastKnownFileType</key>
			<string>sourcecode.c.h</string>
			<key>path</key>
			<string>MockupData.h</string>
			<key>sourceTree</key>
			<string>&lt;group&gt;</string>
		</dict>
		<key>022114341D564FFC00F44E88</key>
		<dict>
			<key>fileEncoding</key>
			<string>4</string>
			<key>isa</key>
			<string>PBXFileReference</string>
			<key>lastKnownFileType</key>
			<string>sourcecode.c.objc</string>
			<key>path</key>
			<string>MockupData.m</string>
			<key>sourceTree</key>
			<string>&lt;group&gt;</string>
		</dict>
		<key>022114351D564FFC00F44E88</key>
		<dict>
			<key>fileRef</key>
			<string>022114341D564FFC00F44E88</string>
			<key>isa</key>
			<string>PBXBuildFile</string>
		</dict>
		<key>022114361D565A1000F44E88</key>
		<dict>
			<key>children</key>
			<array>
				<string>022114371D565A1000F44E88</string>
				<string>022114381D565A1000F44E88</string>
			</array>
			<key>isa</key>
			<string>PBXGroup</string>
			<key>path</key>
			<string>Resources</string>
			<key>sourceTree</key>
			<string>&lt;group&gt;</string>
		</dict>
		<key>022114371D565A1000F44E88</key>
		<dict>
			<key>fileEncoding</key>
			<string>4</string>
			<key>isa</key>
			<string>PBXFileReference</string>
			<key>lastKnownFileType</key>
			<string>text.json</string>
			<key>path</key>
			<string>app_info.json</string>
			<key>sourceTree</key>
			<string>&lt;group&gt;</string>
		</dict>
		<key>022114381D565A1000F44E88</key>
		<dict>
			<key>fileEncoding</key>
			<string>4</string>
			<key>isa</key>
			<string>PBXFileReference</string>
			<key>lastKnownFileType</key>
			<string>text.json</string>
			<key>path</key>
			<string>top_data.json</string>
			<key>sourceTree</key>
			<string>&lt;group&gt;</string>
		</dict>
		<key>022114391D565A1000F44E88</key>
		<dict>
			<key>fileRef</key>
			<string>022114371D565A1000F44E88</string>
			<key>isa</key>
			<string>PBXBuildFile</string>
		</dict>
		<key>0221143A1D565A1000F44E88</key>
		<dict>
			<key>fileRef</key>
			<string>022114381D565A1000F44E88</string>
			<key>isa</key>
			<string>PBXBuildFile</string>
		</dict>
		<key>0221143B1D566DD700F44E88</key>
		<dict>
			<key>fileEncoding</key>
			<string>4</string>
			<key>isa</key>
			<string>PBXFileReference</string>
			<key>lastKnownFileType</key>
			<string>sourcecode.c.h</string>
			<key>path</key>
			<string>UIUtils.h</string>
			<key>sourceTree</key>
			<string>&lt;group&gt;</string>
		</dict>
		<key>0221143C1D566DD700F44E88</key>
		<dict>
			<key>fileEncoding</key>
			<string>4</string>
			<key>isa</key>
			<string>PBXFileReference</string>
			<key>lastKnownFileType</key>
			<string>sourcecode.c.objc</string>
			<key>path</key>
			<string>UIUtils.m</string>
			<key>sourceTree</key>
			<string>&lt;group&gt;</string>
		</dict>
		<key>0221143D1D566DD700F44E88</key>
		<dict>
			<key>fileRef</key>
			<string>0221143C1D566DD700F44E88</string>
			<key>isa</key>
			<string>PBXBuildFile</string>
		</dict>
		<key>0221143E1D567C6E00F44E88</key>
		<dict>
			<key>fileEncoding</key>
			<string>4</string>
			<key>isa</key>
			<string>PBXFileReference</string>
			<key>lastKnownFileType</key>
			<string>sourcecode.c.h</string>
			<key>path</key>
			<string>Item_Cell_Top.h</string>
			<key>sourceTree</key>
			<string>&lt;group&gt;</string>
		</dict>
		<key>0221143F1D567C6E00F44E88</key>
		<dict>
			<key>fileEncoding</key>
			<string>4</string>
			<key>isa</key>
			<string>PBXFileReference</string>
			<key>lastKnownFileType</key>
			<string>sourcecode.c.objc</string>
			<key>path</key>
			<string>Item_Cell_Top.m</string>
			<key>sourceTree</key>
			<string>&lt;group&gt;</string>
		</dict>
		<key>022114401D567C6E00F44E88</key>
		<dict>
			<key>fileEncoding</key>
			<string>4</string>
			<key>isa</key>
			<string>PBXFileReference</string>
			<key>lastKnownFileType</key>
			<string>file.xib</string>
			<key>path</key>
			<string>Item_Cell_Top.xib</string>
			<key>sourceTree</key>
			<string>&lt;group&gt;</string>
		</dict>
		<key>022114411D567C6E00F44E88</key>
		<dict>
			<key>fileRef</key>
			<string>0221143F1D567C6E00F44E88</string>
			<key>isa</key>
			<string>PBXBuildFile</string>
		</dict>
		<key>022114421D567C6E00F44E88</key>
		<dict>
			<key>fileRef</key>
			<string>022114401D567C6E00F44E88</string>
			<key>isa</key>
			<string>PBXBuildFile</string>
		</dict>
		<key>022F25B31D50B4C0008AEBA1</key>
		<dict>
			<key>fileEncoding</key>
			<string>4</string>
			<key>isa</key>
			<string>PBXFileReference</string>
			<key>lastKnownFileType</key>
			<string>sourcecode.c.h</string>
			<key>path</key>
			<string>DataModel.h</string>
			<key>sourceTree</key>
			<string>&lt;group&gt;</string>
		</dict>
		<key>022F25B41D50B4C0008AEBA1</key>
		<dict>
			<key>fileEncoding</key>
			<string>4</string>
			<key>isa</key>
			<string>PBXFileReference</string>
			<key>lastKnownFileType</key>
			<string>sourcecode.c.objc</string>
			<key>path</key>
			<string>DataModel.m</string>
			<key>sourceTree</key>
			<string>&lt;group&gt;</string>
		</dict>
		<key>022F25B51D50B4C0008AEBA1</key>
		<dict>
			<key>fileRef</key>
			<string>022F25B41D50B4C0008AEBA1</string>
			<key>isa</key>
			<string>PBXBuildFile</string>
		</dict>
		<key>022F25B61D516E4D008AEBA1</key>
		<dict>
			<key>fileEncoding</key>
			<string>4</string>
			<key>isa</key>
			<string>PBXFileReference</string>
			<key>lastKnownFileType</key>
			<string>sourcecode.c.h</string>
			<key>path</key>
			<string>TopScreen.h</string>
			<key>sourceTree</key>
			<string>&lt;group&gt;</string>
		</dict>
		<key>022F25B71D516E4D008AEBA1</key>
		<dict>
			<key>fileEncoding</key>
			<string>4</string>
			<key>isa</key>
			<string>PBXFileReference</string>
			<key>lastKnownFileType</key>
			<string>sourcecode.c.objc</string>
			<key>path</key>
			<string>TopScreen.m</string>
			<key>sourceTree</key>
			<string>&lt;group&gt;</string>
		</dict>
		<key>022F25B81D516E4D008AEBA1</key>
		<dict>
			<key>fileRef</key>
			<string>022F25B71D516E4D008AEBA1</string>
			<key>isa</key>
			<string>PBXBuildFile</string>
		</dict>
		<key>022F25B91D524858008AEBA1</key>
		<dict>
			<key>fileEncoding</key>
			<string>4</string>
			<key>isa</key>
			<string>PBXFileReference</string>
			<key>lastKnownFileType</key>
			<string>sourcecode.c.h</string>
			<key>path</key>
			<string>AppInfoCommunicator.h</string>
			<key>sourceTree</key>
			<string>&lt;group&gt;</string>
		</dict>
		<key>022F25BA1D524858008AEBA1</key>
		<dict>
			<key>fileEncoding</key>
			<string>4</string>
			<key>isa</key>
			<string>PBXFileReference</string>
			<key>lastKnownFileType</key>
			<string>sourcecode.c.objc</string>
			<key>path</key>
			<string>AppInfoCommunicator.m</string>
			<key>sourceTree</key>
			<string>&lt;group&gt;</string>
		</dict>
		<key>022F25BB1D524858008AEBA1</key>
		<dict>
			<key>fileRef</key>
			<string>022F25BA1D524858008AEBA1</string>
			<key>isa</key>
			<string>PBXBuildFile</string>
		</dict>
		<key>022F25BC1D525F81008AEBA1</key>
		<dict>
			<key>children</key>
			<array>
				<string>022F25E41D53563F008AEBA1</string>
				<string>022F25E51D53563F008AEBA1</string>
				<string>022F25BD1D525F81008AEBA1</string>
				<string>022F25BE1D525F81008AEBA1</string>
				<string>022F25BF1D525F81008AEBA1</string>
				<string>022F25C01D525F81008AEBA1</string>
				<string>022F25C11D525F81008AEBA1</string>
			</array>
			<key>isa</key>
			<string>PBXGroup</string>
			<key>path</key>
			<string>CustomView</string>
			<key>sourceTree</key>
			<string>&lt;group&gt;</string>
		</dict>
		<key>022F25BD1D525F81008AEBA1</key>
		<dict>
			<key>fileEncoding</key>
			<string>4</string>
			<key>isa</key>
			<string>PBXFileReference</string>
			<key>lastKnownFileType</key>
			<string>sourcecode.c.h</string>
			<key>path</key>
			<string>MFSideMenu.h</string>
			<key>sourceTree</key>
			<string>&lt;group&gt;</string>
		</dict>
		<key>022F25BE1D525F81008AEBA1</key>
		<dict>
			<key>fileEncoding</key>
			<string>4</string>
			<key>isa</key>
			<string>PBXFileReference</string>
			<key>lastKnownFileType</key>
			<string>sourcecode.c.h</string>
			<key>path</key>
			<string>MFSideMenuContainerViewController.h</string>
			<key>sourceTree</key>
			<string>&lt;group&gt;</string>
		</dict>
		<key>022F25BF1D525F81008AEBA1</key>
		<dict>
			<key>fileEncoding</key>
			<string>4</string>
			<key>isa</key>
			<string>PBXFileReference</string>
			<key>lastKnownFileType</key>
			<string>sourcecode.c.objc</string>
			<key>path</key>
			<string>MFSideMenuContainerViewController.m</string>
			<key>sourceTree</key>
			<string>&lt;group&gt;</string>
		</dict>
		<key>022F25C01D525F81008AEBA1</key>
		<dict>
			<key>fileEncoding</key>
			<string>4</string>
			<key>isa</key>
			<string>PBXFileReference</string>
			<key>lastKnownFileType</key>
			<string>sourcecode.c.h</string>
			<key>path</key>
			<string>MFSideMenuShadow.h</string>
			<key>sourceTree</key>
			<string>&lt;group&gt;</string>
		</dict>
		<key>022F25C11D525F81008AEBA1</key>
		<dict>
			<key>fileEncoding</key>
			<string>4</string>
			<key>isa</key>
			<string>PBXFileReference</string>
			<key>lastKnownFileType</key>
			<string>sourcecode.c.objc</string>
			<key>path</key>
			<string>MFSideMenuShadow.m</string>
			<key>sourceTree</key>
			<string>&lt;group&gt;</string>
		</dict>
		<key>022F25C21D525F81008AEBA1</key>
		<dict>
			<key>fileRef</key>
			<string>022F25BF1D525F81008AEBA1</string>
			<key>isa</key>
			<string>PBXBuildFile</string>
		</dict>
		<key>022F25C31D525F81008AEBA1</key>
		<dict>
			<key>fileRef</key>
			<string>022F25C11D525F81008AEBA1</string>
			<key>isa</key>
			<string>PBXBuildFile</string>
		</dict>
		<key>022F25C41D525FFD008AEBA1</key>
		<dict>
			<key>isa</key>
			<string>PBXFileReference</string>
			<key>lastKnownFileType</key>
			<string>wrapper.framework</string>
			<key>name</key>
			<string>QuartzCore.framework</string>
			<key>path</key>
			<string>System/Library/Frameworks/QuartzCore.framework</string>
			<key>sourceTree</key>
			<string>SDKROOT</string>
		</dict>
		<key>022F25C51D525FFD008AEBA1</key>
		<dict>
			<key>fileRef</key>
			<string>022F25C41D525FFD008AEBA1</string>
			<key>isa</key>
			<string>PBXBuildFile</string>
		</dict>
		<key>022F25C61D52605E008AEBA1</key>
		<dict>
			<key>children</key>
			<array>
				<string>022F25C71D52605E008AEBA1</string>
				<string>022F25C81D52605E008AEBA1</string>
			</array>
			<key>isa</key>
			<string>PBXGroup</string>
			<key>path</key>
			<string>HexColors</string>
			<key>sourceTree</key>
			<string>&lt;group&gt;</string>
		</dict>
		<key>022F25C71D52605E008AEBA1</key>
		<dict>
			<key>fileEncoding</key>
			<string>4</string>
			<key>isa</key>
			<string>PBXFileReference</string>
			<key>lastKnownFileType</key>
			<string>sourcecode.c.h</string>
			<key>path</key>
			<string>HexColors.h</string>
			<key>sourceTree</key>
			<string>&lt;group&gt;</string>
		</dict>
		<key>022F25C81D52605E008AEBA1</key>
		<dict>
			<key>fileEncoding</key>
			<string>4</string>
			<key>isa</key>
			<string>PBXFileReference</string>
			<key>lastKnownFileType</key>
			<string>sourcecode.c.objc</string>
			<key>path</key>
			<string>HexColors.m</string>
			<key>sourceTree</key>
			<string>&lt;group&gt;</string>
		</dict>
		<key>022F25C91D52605E008AEBA1</key>
		<dict>
			<key>fileRef</key>
			<string>022F25C81D52605E008AEBA1</string>
			<key>isa</key>
			<string>PBXBuildFile</string>
		</dict>
		<key>022F25CA1D52617D008AEBA1</key>
		<dict>
			<key>fileEncoding</key>
			<string>4</string>
			<key>isa</key>
			<string>PBXFileReference</string>
			<key>lastKnownFileType</key>
			<string>sourcecode.c.h</string>
			<key>path</key>
			<string>MainNavigationController.h</string>
			<key>sourceTree</key>
			<string>&lt;group&gt;</string>
		</dict>
		<key>022F25CB1D52617D008AEBA1</key>
		<dict>
			<key>fileEncoding</key>
			<string>4</string>
			<key>isa</key>
			<string>PBXFileReference</string>
			<key>lastKnownFileType</key>
			<string>sourcecode.c.objc</string>
			<key>path</key>
			<string>MainNavigationController.m</string>
			<key>sourceTree</key>
			<string>&lt;group&gt;</string>
		</dict>
		<key>022F25CC1D52617D008AEBA1</key>
		<dict>
			<key>fileRef</key>
			<string>022F25CB1D52617D008AEBA1</string>
			<key>isa</key>
			<string>PBXBuildFile</string>
		</dict>
		<key>022F25CD1D52B1E1008AEBA1</key>
		<dict>
			<key>children</key>
			<array>
				<string>022F25CE1D52B20A008AEBA1</string>
				<string>022F25CF1D52B20A008AEBA1</string>
			</array>
			<key>isa</key>
			<string>PBXGroup</string>
			<key>path</key>
			<string>SideMenu</string>
			<key>sourceTree</key>
			<string>&lt;group&gt;</string>
		</dict>
		<key>022F25CE1D52B20A008AEBA1</key>
		<dict>
			<key>fileEncoding</key>
			<string>4</string>
			<key>isa</key>
			<string>PBXFileReference</string>
			<key>lastKnownFileType</key>
			<string>sourcecode.c.h</string>
			<key>path</key>
			<string>SideMenuTableViewController.h</string>
			<key>sourceTree</key>
			<string>&lt;group&gt;</string>
		</dict>
		<key>022F25CF1D52B20A008AEBA1</key>
		<dict>
			<key>fileEncoding</key>
			<string>4</string>
			<key>isa</key>
			<string>PBXFileReference</string>
			<key>lastKnownFileType</key>
			<string>sourcecode.c.objc</string>
			<key>path</key>
			<string>SideMenuTableViewController.m</string>
			<key>sourceTree</key>
			<string>&lt;group&gt;</string>
		</dict>
		<key>022F25D01D52B20A008AEBA1</key>
		<dict>
			<key>fileRef</key>
			<string>022F25CF1D52B20A008AEBA1</string>
			<key>isa</key>
			<string>PBXBuildFile</string>
		</dict>
		<key>022F25D11D52B777008AEBA1</key>
		<dict>
			<key>children</key>
			<array>
				<string>022F25D21D52B78C008AEBA1</string>
				<string>022F25D31D52B78C008AEBA1</string>
			</array>
			<key>isa</key>
			<string>PBXGroup</string>
			<key>path</key>
			<string>SplashScreen</string>
			<key>sourceTree</key>
			<string>&lt;group&gt;</string>
		</dict>
		<key>022F25D21D52B78C008AEBA1</key>
		<dict>
			<key>fileEncoding</key>
			<string>4</string>
			<key>isa</key>
			<string>PBXFileReference</string>
			<key>lastKnownFileType</key>
			<string>sourcecode.c.h</string>
			<key>path</key>
			<string>SplashScreen.h</string>
			<key>sourceTree</key>
			<string>&lt;group&gt;</string>
		</dict>
		<key>022F25D31D52B78C008AEBA1</key>
		<dict>
			<key>fileEncoding</key>
			<string>4</string>
			<key>isa</key>
			<string>PBXFileReference</string>
			<key>lastKnownFileType</key>
			<string>sourcecode.c.objc</string>
			<key>path</key>
			<string>SplashScreen.m</string>
			<key>sourceTree</key>
			<string>&lt;group&gt;</string>
		</dict>
		<key>022F25D41D52B78C008AEBA1</key>
		<dict>
			<key>fileRef</key>
			<string>022F25D31D52B78C008AEBA1</string>
			<key>isa</key>
			<string>PBXBuildFile</string>
		</dict>
		<key>022F25D81D52C7D3008AEBA1</key>
		<dict>
			<key>fileEncoding</key>
			<string>4</string>
			<key>isa</key>
			<string>PBXFileReference</string>
			<key>lastKnownFileType</key>
			<string>sourcecode.c.h</string>
			<key>path</key>
			<string>Top_Header.h</string>
			<key>sourceTree</key>
			<string>&lt;group&gt;</string>
		</dict>
		<key>022F25D91D52C7D3008AEBA1</key>
		<dict>
			<key>fileEncoding</key>
			<string>4</string>
			<key>isa</key>
			<string>PBXFileReference</string>
			<key>lastKnownFileType</key>
			<string>sourcecode.c.objc</string>
			<key>path</key>
			<string>Top_Header.m</string>
			<key>sourceTree</key>
			<string>&lt;group&gt;</string>
		</dict>
		<key>022F25DA1D52C7D3008AEBA1</key>
		<dict>
			<key>fileEncoding</key>
			<string>4</string>
			<key>isa</key>
			<string>PBXFileReference</string>
			<key>lastKnownFileType</key>
			<string>file.xib</string>
			<key>path</key>
			<string>Top_Header.xib</string>
			<key>sourceTree</key>
			<string>&lt;group&gt;</string>
		</dict>
		<key>022F25DB1D52C7D3008AEBA1</key>
		<dict>
			<key>fileRef</key>
			<string>022F25D91D52C7D3008AEBA1</string>
			<key>isa</key>
			<string>PBXBuildFile</string>
		</dict>
		<key>022F25DC1D52C7D3008AEBA1</key>
		<dict>
			<key>fileRef</key>
			<string>022F25DA1D52C7D3008AEBA1</string>
			<key>isa</key>
			<string>PBXBuildFile</string>
		</dict>
		<key>022F25DD1D52C8DA008AEBA1</key>
		<dict>
			<key>fileEncoding</key>
			<string>4</string>
			<key>isa</key>
			<string>PBXFileReference</string>
			<key>lastKnownFileType</key>
			<string>sourcecode.c.h</string>
			<key>path</key>
			<string>Top_Footer.h</string>
			<key>sourceTree</key>
			<string>&lt;group&gt;</string>
		</dict>
		<key>022F25DE1D52C8DA008AEBA1</key>
		<dict>
			<key>fileEncoding</key>
			<string>4</string>
			<key>isa</key>
			<string>PBXFileReference</string>
			<key>lastKnownFileType</key>
			<string>sourcecode.c.objc</string>
			<key>path</key>
			<string>Top_Footer.m</string>
			<key>sourceTree</key>
			<string>&lt;group&gt;</string>
		</dict>
		<key>022F25DF1D52C8DA008AEBA1</key>
		<dict>
			<key>fileEncoding</key>
			<string>4</string>
			<key>isa</key>
			<string>PBXFileReference</string>
			<key>lastKnownFileType</key>
			<string>file.xib</string>
			<key>path</key>
			<string>Top_Footer.xib</string>
			<key>sourceTree</key>
			<string>&lt;group&gt;</string>
		</dict>
		<key>022F25E01D52C8DA008AEBA1</key>
		<dict>
			<key>fileRef</key>
			<string>022F25DE1D52C8DA008AEBA1</string>
			<key>isa</key>
			<string>PBXBuildFile</string>
		</dict>
		<key>022F25E11D52C8DA008AEBA1</key>
		<dict>
			<key>fileRef</key>
			<string>022F25DF1D52C8DA008AEBA1</string>
			<key>isa</key>
			<string>PBXBuildFile</string>
		</dict>
		<key>022F25E41D53563F008AEBA1</key>
		<dict>
			<key>fileEncoding</key>
			<string>4</string>
			<key>isa</key>
			<string>PBXFileReference</string>
			<key>lastKnownFileType</key>
			<string>sourcecode.c.h</string>
			<key>path</key>
			<string>UIViewController+MFSideMenuAdditions.h</string>
			<key>sourceTree</key>
			<string>&lt;group&gt;</string>
		</dict>
		<key>022F25E51D53563F008AEBA1</key>
		<dict>
			<key>fileEncoding</key>
			<string>4</string>
			<key>isa</key>
			<string>PBXFileReference</string>
			<key>lastKnownFileType</key>
			<string>sourcecode.c.objc</string>
			<key>path</key>
			<string>UIViewController+MFSideMenuAdditions.m</string>
			<key>sourceTree</key>
			<string>&lt;group&gt;</string>
		</dict>
		<key>022F25E61D53563F008AEBA1</key>
		<dict>
			<key>fileRef</key>
			<string>022F25E51D53563F008AEBA1</string>
			<key>isa</key>
			<string>PBXBuildFile</string>
		</dict>
		<key>022F25E71D53595F008AEBA1</key>
		<dict>
			<key>children</key>
			<array>
				<string>022F25E81D535983008AEBA1</string>
				<string>022F25E91D535983008AEBA1</string>
			</array>
			<key>isa</key>
			<string>PBXGroup</string>
			<key>path</key>
			<string>Additional</string>
			<key>sourceTree</key>
			<string>&lt;group&gt;</string>
		</dict>
		<key>022F25E81D535983008AEBA1</key>
		<dict>
			<key>fileEncoding</key>
			<string>4</string>
			<key>isa</key>
			<string>PBXFileReference</string>
			<key>lastKnownFileType</key>
			<string>sourcecode.c.h</string>
			<key>path</key>
			<string>UIViewController+LoadingView.h</string>
			<key>sourceTree</key>
			<string>&lt;group&gt;</string>
		</dict>
		<key>022F25E91D535983008AEBA1</key>
		<dict>
			<key>fileEncoding</key>
			<string>4</string>
			<key>isa</key>
			<string>PBXFileReference</string>
			<key>lastKnownFileType</key>
			<string>sourcecode.c.objc</string>
			<key>path</key>
			<string>UIViewController+LoadingView.m</string>
			<key>sourceTree</key>
			<string>&lt;group&gt;</string>
		</dict>
		<key>022F25EA1D535983008AEBA1</key>
		<dict>
			<key>fileRef</key>
			<string>022F25E91D535983008AEBA1</string>
			<key>isa</key>
			<string>PBXBuildFile</string>
		</dict>
		<key>022F25EB1D5435AC008AEBA1</key>
		<dict>
			<key>children</key>
			<array>
				<string>0221142D1D54426000F44E88</string>
				<string>0221142E1D54426000F44E88</string>
			</array>
			<key>isa</key>
			<string>PBXGroup</string>
			<key>path</key>
			<string>ReserveScreen</string>
			<key>sourceTree</key>
			<string>&lt;group&gt;</string>
		</dict>
		<key>02CD65901D47CD130015661D</key>
		<dict>
			<key>fileEncoding</key>
			<string>4</string>
			<key>isa</key>
			<string>PBXFileReference</string>
			<key>lastKnownFileType</key>
			<string>sourcecode.c.h</string>
			<key>path</key>
			<string>MenuItem_User.h</string>
			<key>sourceTree</key>
			<string>&lt;group&gt;</string>
		</dict>
		<key>02CD65911D47CD130015661D</key>
		<dict>
			<key>fileEncoding</key>
			<string>4</string>
			<key>isa</key>
			<string>PBXFileReference</string>
			<key>lastKnownFileType</key>
			<string>sourcecode.c.objc</string>
			<key>path</key>
			<string>MenuItem_User.m</string>
			<key>sourceTree</key>
			<string>&lt;group&gt;</string>
		</dict>
		<key>02CD65921D47CD130015661D</key>
		<dict>
			<key>fileEncoding</key>
			<string>4</string>
			<key>isa</key>
			<string>PBXFileReference</string>
			<key>lastKnownFileType</key>
			<string>file.xib</string>
			<key>path</key>
			<string>MenuItem_User.xib</string>
			<key>sourceTree</key>
			<string>&lt;group&gt;</string>
		</dict>
		<key>02CD65931D47CD130015661D</key>
		<dict>
			<key>fileRef</key>
			<string>02CD65911D47CD130015661D</string>
			<key>isa</key>
			<string>PBXBuildFile</string>
		</dict>
		<key>02CD65941D47CD130015661D</key>
		<dict>
			<key>fileRef</key>
			<string>02CD65921D47CD130015661D</string>
			<key>isa</key>
			<string>PBXBuildFile</string>
		</dict>
		<key>02CD65951D47CDDC0015661D</key>
		<dict>
			<key>children</key>
			<array>
				<string>02CD65971D47CDF50015661D</string>
				<string>02CD65981D47CDF50015661D</string>
				<string>022114331D564FFC00F44E88</string>
				<string>022114341D564FFC00F44E88</string>
			</array>
			<key>isa</key>
			<string>PBXGroup</string>
			<key>path</key>
			<string>Core</string>
			<key>sourceTree</key>
			<string>&lt;group&gt;</string>
		</dict>
		<key>02CD65961D47CDDC0015661D</key>
		<dict>
			<key>children</key>
			<array>
				<string>022F25EB1D5435AC008AEBA1</string>
				<string>022F25D11D52B777008AEBA1</string>
				<string>022F25CD1D52B1E1008AEBA1</string>
				<string>02F2FDE21D4AF783006D4C83</string>
				<string>022F25CA1D52617D008AEBA1</string>
				<string>022F25CB1D52617D008AEBA1</string>
			</array>
			<key>isa</key>
			<string>PBXGroup</string>
			<key>path</key>
			<string>Screens</string>
			<key>sourceTree</key>
			<string>&lt;group&gt;</string>
		</dict>
		<key>02CD65971D47CDF50015661D</key>
		<dict>
			<key>fileEncoding</key>
			<string>4</string>
			<key>isa</key>
			<string>PBXFileReference</string>
			<key>lastKnownFileType</key>
			<string>sourcecode.c.h</string>
			<key>path</key>
			<string>AppConfiguration.h</string>
			<key>sourceTree</key>
			<string>&lt;group&gt;</string>
		</dict>
		<key>02CD65981D47CDF50015661D</key>
		<dict>
			<key>fileEncoding</key>
			<string>4</string>
			<key>isa</key>
			<string>PBXFileReference</string>
			<key>lastKnownFileType</key>
			<string>sourcecode.c.objc</string>
			<key>path</key>
			<string>AppConfiguration.m</string>
			<key>sourceTree</key>
			<string>&lt;group&gt;</string>
		</dict>
		<key>02CD65991D47CDF50015661D</key>
		<dict>
			<key>fileRef</key>
			<string>02CD65981D47CDF50015661D</string>
			<key>isa</key>
			<string>PBXBuildFile</string>
		</dict>
		<key>02CD659A1D47D4240015661D</key>
		<dict>
			<key>fileEncoding</key>
			<string>4</string>
			<key>isa</key>
			<string>PBXFileReference</string>
			<key>lastKnownFileType</key>
			<string>sourcecode.c.h</string>
			<key>path</key>
			<string>MenuItem_Common.h</string>
			<key>sourceTree</key>
			<string>&lt;group&gt;</string>
		</dict>
		<key>02CD659B1D47D4240015661D</key>
		<dict>
			<key>fileEncoding</key>
			<string>4</string>
			<key>isa</key>
			<string>PBXFileReference</string>
			<key>lastKnownFileType</key>
			<string>sourcecode.c.objc</string>
			<key>path</key>
			<string>MenuItem_Common.m</string>
			<key>sourceTree</key>
			<string>&lt;group&gt;</string>
		</dict>
		<key>02CD659C1D47D4240015661D</key>
		<dict>
			<key>fileEncoding</key>
			<string>4</string>
			<key>isa</key>
			<string>PBXFileReference</string>
			<key>lastKnownFileType</key>
			<string>file.xib</string>
			<key>path</key>
			<string>MenuItem_Common.xib</string>
			<key>sourceTree</key>
			<string>&lt;group&gt;</string>
		</dict>
		<key>02CD659D1D47D4240015661D</key>
		<dict>
			<key>fileRef</key>
			<string>02CD659B1D47D4240015661D</string>
			<key>isa</key>
			<string>PBXBuildFile</string>
		</dict>
		<key>02CD659E1D47D4240015661D</key>
		<dict>
			<key>fileRef</key>
			<string>02CD659C1D47D4240015661D</string>
			<key>isa</key>
			<string>PBXBuildFile</string>
		</dict>
		<key>02CD659F1D47D6C50015661D</key>
		<dict>
			<key>fileEncoding</key>
			<string>4</string>
			<key>isa</key>
			<string>PBXFileReference</string>
			<key>lastKnownFileType</key>
			<string>sourcecode.c.h</string>
			<key>path</key>
			<string>Item_Cell_Product.h</string>
			<key>sourceTree</key>
			<string>&lt;group&gt;</string>
		</dict>
		<key>02CD65A01D47D6C50015661D</key>
		<dict>
			<key>fileEncoding</key>
			<string>4</string>
			<key>isa</key>
			<string>PBXFileReference</string>
			<key>lastKnownFileType</key>
			<string>sourcecode.c.objc</string>
			<key>path</key>
			<string>Item_Cell_Product.m</string>
			<key>sourceTree</key>
			<string>&lt;group&gt;</string>
		</dict>
		<key>02CD65A11D47D6C50015661D</key>
		<dict>
			<key>fileEncoding</key>
			<string>4</string>
			<key>isa</key>
			<string>PBXFileReference</string>
			<key>lastKnownFileType</key>
			<string>file.xib</string>
			<key>path</key>
			<string>Item_Cell_Product.xib</string>
			<key>sourceTree</key>
			<string>&lt;group&gt;</string>
		</dict>
		<key>02CD65A21D47D6C50015661D</key>
		<dict>
			<key>fileRef</key>
			<string>02CD65A01D47D6C50015661D</string>
			<key>isa</key>
			<string>PBXBuildFile</string>
		</dict>
		<key>02CD65A31D47D6C50015661D</key>
		<dict>
			<key>fileRef</key>
			<string>02CD65A11D47D6C50015661D</string>
			<key>isa</key>
			<string>PBXBuildFile</string>
		</dict>
		<key>02CD65A41D47D8EB0015661D</key>
		<dict>
			<key>fileEncoding</key>
			<string>4</string>
			<key>isa</key>
			<string>PBXFileReference</string>
			<key>lastKnownFileType</key>
			<string>sourcecode.c.h</string>
			<key>path</key>
			<string>Item_Cell_Photo.h</string>
			<key>sourceTree</key>
			<string>&lt;group&gt;</string>
		</dict>
		<key>02CD65A51D47D8EB0015661D</key>
		<dict>
			<key>fileEncoding</key>
			<string>4</string>
			<key>isa</key>
			<string>PBXFileReference</string>
			<key>lastKnownFileType</key>
			<string>sourcecode.c.objc</string>
			<key>path</key>
			<string>Item_Cell_Photo.m</string>
			<key>sourceTree</key>
			<string>&lt;group&gt;</string>
		</dict>
		<key>02CD65A61D47D8EB0015661D</key>
		<dict>
			<key>fileEncoding</key>
			<string>4</string>
			<key>isa</key>
			<string>PBXFileReference</string>
			<key>lastKnownFileType</key>
			<string>file.xib</string>
			<key>path</key>
			<string>Item_Cell_Photo.xib</string>
			<key>sourceTree</key>
			<string>&lt;group&gt;</string>
		</dict>
		<key>02CD65A71D47D8EB0015661D</key>
		<dict>
			<key>fileRef</key>
			<string>02CD65A51D47D8EB0015661D</string>
			<key>isa</key>
			<string>PBXBuildFile</string>
		</dict>
		<key>02CD65A81D47D8EB0015661D</key>
		<dict>
			<key>fileRef</key>
			<string>02CD65A61D47D8EB0015661D</string>
			<key>isa</key>
			<string>PBXBuildFile</string>
		</dict>
		<key>02CD65A91D47D9AC0015661D</key>
		<dict>
			<key>fileEncoding</key>
			<string>4</string>
			<key>isa</key>
			<string>PBXFileReference</string>
			<key>lastKnownFileType</key>
			<string>sourcecode.c.h</string>
			<key>path</key>
			<string>Item_Cell_News.h</string>
			<key>sourceTree</key>
			<string>&lt;group&gt;</string>
		</dict>
		<key>02CD65AA1D47D9AC0015661D</key>
		<dict>
			<key>fileEncoding</key>
			<string>4</string>
			<key>isa</key>
			<string>PBXFileReference</string>
			<key>lastKnownFileType</key>
			<string>sourcecode.c.objc</string>
			<key>path</key>
			<string>Item_Cell_News.m</string>
			<key>sourceTree</key>
			<string>&lt;group&gt;</string>
		</dict>
		<key>02CD65AB1D47D9AC0015661D</key>
		<dict>
			<key>fileEncoding</key>
			<string>4</string>
			<key>isa</key>
			<string>PBXFileReference</string>
			<key>lastKnownFileType</key>
			<string>file.xib</string>
			<key>path</key>
			<string>Item_Cell_News.xib</string>
			<key>sourceTree</key>
			<string>&lt;group&gt;</string>
		</dict>
		<key>02CD65AC1D47D9AC0015661D</key>
		<dict>
			<key>fileRef</key>
			<string>02CD65AA1D47D9AC0015661D</string>
			<key>isa</key>
			<string>PBXBuildFile</string>
		</dict>
		<key>02CD65AD1D47D9AC0015661D</key>
		<dict>
			<key>fileRef</key>
			<string>02CD65AB1D47D9AC0015661D</string>
			<key>isa</key>
			<string>PBXBuildFile</string>
		</dict>
		<key>02CD65AE1D47E7DB0015661D</key>
		<dict>
			<key>fileEncoding</key>
			<string>4</string>
			<key>isa</key>
			<string>PBXFileReference</string>
			<key>lastKnownFileType</key>
			<string>sourcecode.c.h</string>
			<key>path</key>
			<string>Item_Cell_ShopInfo.h</string>
			<key>sourceTree</key>
			<string>&lt;group&gt;</string>
		</dict>
		<key>02CD65AF1D47E7DB0015661D</key>
		<dict>
			<key>fileEncoding</key>
			<string>4</string>
			<key>isa</key>
			<string>PBXFileReference</string>
			<key>lastKnownFileType</key>
			<string>sourcecode.c.objc</string>
			<key>path</key>
			<string>Item_Cell_ShopInfo.m</string>
			<key>sourceTree</key>
			<string>&lt;group&gt;</string>
		</dict>
		<key>02CD65B01D47E7DB0015661D</key>
		<dict>
			<key>fileEncoding</key>
			<string>4</string>
			<key>isa</key>
			<string>PBXFileReference</string>
			<key>lastKnownFileType</key>
			<string>file.xib</string>
			<key>path</key>
			<string>Item_Cell_ShopInfo.xib</string>
			<key>sourceTree</key>
			<string>&lt;group&gt;</string>
		</dict>
		<key>02CD65B11D47E7DB0015661D</key>
		<dict>
			<key>fileRef</key>
			<string>02CD65AF1D47E7DB0015661D</string>
			<key>isa</key>
			<string>PBXBuildFile</string>
		</dict>
		<key>02CD65B21D47E7DB0015661D</key>
		<dict>
			<key>fileRef</key>
			<string>02CD65B01D47E7DB0015661D</string>
			<key>isa</key>
			<string>PBXBuildFile</string>
		</dict>
		<key>02DAF3991D47CAA70068BB71</key>
		<dict>
			<key>children</key>
			<array>
				<string>022F25C41D525FFD008AEBA1</string>
				<string>02DAF3A41D47CAA70068BB71</string>
				<string>02DAF3BE1D47CAA70068BB71</string>
				<string>02DAF3C91D47CAA70068BB71</string>
				<string>02DAF3A31D47CAA70068BB71</string>
				<string>DDBBF87B10986CB3C480C09E</string>
				<string>FA281DF0BAF1146BCCD67689</string>
			</array>
			<key>isa</key>
			<string>PBXGroup</string>
			<key>sourceTree</key>
			<string>&lt;group&gt;</string>
		</dict>
		<key>02DAF39A1D47CAA70068BB71</key>
		<dict>
			<key>attributes</key>
			<dict>
				<key>LastUpgradeCheck</key>
				<string>0730</string>
				<key>ORGANIZATIONNAME</key>
				<string>Tenposs</string>
				<key>TargetAttributes</key>
				<dict>
					<key>02DAF3A11D47CAA70068BB71</key>
					<dict>
						<key>CreatedOnToolsVersion</key>
						<string>7.3.1</string>
					</dict>
					<key>02DAF3BA1D47CAA70068BB71</key>
					<dict>
						<key>CreatedOnToolsVersion</key>
						<string>7.3.1</string>
						<key>TestTargetID</key>
						<string>02DAF3A11D47CAA70068BB71</string>
					</dict>
					<key>02DAF3C51D47CAA70068BB71</key>
					<dict>
						<key>CreatedOnToolsVersion</key>
						<string>7.3.1</string>
						<key>TestTargetID</key>
						<string>02DAF3A11D47CAA70068BB71</string>
					</dict>
				</dict>
			</dict>
			<key>buildConfigurationList</key>
			<string>02DAF39D1D47CAA70068BB71</string>
			<key>compatibilityVersion</key>
			<string>Xcode 3.2</string>
			<key>developmentRegion</key>
			<string>English</string>
			<key>hasScannedForEncodings</key>
			<string>0</string>
			<key>isa</key>
			<string>PBXProject</string>
			<key>knownRegions</key>
			<array>
				<string>en</string>
				<string>Base</string>
			</array>
			<key>mainGroup</key>
			<string>02DAF3991D47CAA70068BB71</string>
			<key>productRefGroup</key>
			<string>02DAF3A31D47CAA70068BB71</string>
			<key>projectDirPath</key>
			<string></string>
			<key>projectReferences</key>
			<array/>
			<key>projectRoot</key>
			<string></string>
			<key>targets</key>
			<array>
				<string>02DAF3A11D47CAA70068BB71</string>
				<string>02DAF3BA1D47CAA70068BB71</string>
				<string>02DAF3C51D47CAA70068BB71</string>
			</array>
		</dict>
		<key>02DAF39D1D47CAA70068BB71</key>
		<dict>
			<key>buildConfigurations</key>
			<array>
				<string>02DAF3CD1D47CAA70068BB71</string>
				<string>02DAF3CE1D47CAA70068BB71</string>
			</array>
			<key>defaultConfigurationIsVisible</key>
			<string>0</string>
			<key>defaultConfigurationName</key>
			<string>Release</string>
			<key>isa</key>
			<string>XCConfigurationList</string>
		</dict>
		<key>02DAF39E1D47CAA70068BB71</key>
		<dict>
			<key>buildActionMask</key>
			<string>2147483647</string>
			<key>files</key>
			<array>
				<string>02F2FDD11D4A30E3006D4C83</string>
				<string>02F2FDE11D4AF71A006D4C83</string>
				<string>02F2FDE01D4AF71A006D4C83</string>
				<string>02F2FDCA1D4A30E3006D4C83</string>
				<string>022F25C31D525F81008AEBA1</string>
				<string>02F2FDCF1D4A30E3006D4C83</string>
				<string>022114411D567C6E00F44E88</string>
				<string>02F2FDC51D4A30E3006D4C83</string>
				<string>02F2FDD21D4A30E3006D4C83</string>
				<string>02F2FDD31D4A30E3006D4C83</string>
				<string>02F2FDC21D4A30E3006D4C83</string>
				<string>02F2FDCE1D4A30E3006D4C83</string>
				<string>02F2FDC11D4A30E3006D4C83</string>
				<string>022F25E61D53563F008AEBA1</string>
				<string>022F25B51D50B4C0008AEBA1</string>
				<string>02F2FDCC1D4A30E3006D4C83</string>
				<string>022F25CC1D52617D008AEBA1</string>
				<string>022F25BB1D524858008AEBA1</string>
				<string>0221143D1D566DD700F44E88</string>
				<string>02F2FDD01D4A30E3006D4C83</string>
				<string>02CD65A21D47D6C50015661D</string>
				<string>02CD65991D47CDF50015661D</string>
				<string>02CD65B11D47E7DB0015661D</string>
				<string>02CD65931D47CD130015661D</string>
				<string>0221142F1D54426000F44E88</string>
				<string>02F2FDD41D4A30E3006D4C83</string>
				<string>02F2FDD81D4A32CC006D4C83</string>
				<string>02CD65A71D47D8EB0015661D</string>
				<string>022114351D564FFC00F44E88</string>
				<string>022F25D41D52B78C008AEBA1</string>
				<string>02F2FDC41D4A30E3006D4C83</string>
				<string>02F2FDC71D4A30E3006D4C83</string>
				<string>022F25EA1D535983008AEBA1</string>
				<string>022114321D56494300F44E88</string>
				<string>02F2FDC81D4A30E3006D4C83</string>
				<string>02F2FDC61D4A30E3006D4C83</string>
				<string>022F25B81D516E4D008AEBA1</string>
				<string>0221142C1D5441E000F44E88</string>
				<string>022F25C91D52605E008AEBA1</string>
				<string>02DAF3AA1D47CAA70068BB71</string>
				<string>022F25C21D525F81008AEBA1</string>
				<string>022F25D01D52B20A008AEBA1</string>
				<string>02CD659D1D47D4240015661D</string>
				<string>02F2FDCD1D4A30E3006D4C83</string>
				<string>02F2FDE51D4AF79B006D4C83</string>
				<string>02F2FDC31D4A30E3006D4C83</string>
				<string>02F2FDC91D4A30E3006D4C83</string>
				<string>022F25E01D52C8DA008AEBA1</string>
				<string>02CD65AC1D47D9AC0015661D</string>
				<string>02F2FDCB1D4A30E3006D4C83</string>
				<string>022F25DB1D52C7D3008AEBA1</string>
				<string>02DAF3A71D47CAA70068BB71</string>
			</array>
			<key>isa</key>
			<string>PBXSourcesBuildPhase</string>
			<key>runOnlyForDeploymentPostprocessing</key>
			<string>0</string>
		</dict>
		<key>02DAF39F1D47CAA70068BB71</key>
		<dict>
			<key>buildActionMask</key>
			<string>2147483647</string>
			<key>files</key>
			<array>
				<string>022F25C51D525FFD008AEBA1</string>
				<string>D466DCE1F597277720C066CD</string>
			</array>
			<key>isa</key>
			<string>PBXFrameworksBuildPhase</string>
			<key>runOnlyForDeploymentPostprocessing</key>
			<string>0</string>
		</dict>
		<key>02DAF3A01D47CAA70068BB71</key>
		<dict>
			<key>buildActionMask</key>
			<string>2147483647</string>
			<key>files</key>
			<array>
				<string>02CD65A81D47D8EB0015661D</string>
				<string>0221143A1D565A1000F44E88</string>
				<string>022114421D567C6E00F44E88</string>
				<string>02CD65B21D47E7DB0015661D</string>
				<string>02CD65A31D47D6C50015661D</string>
				<string>02CD659E1D47D4240015661D</string>
				<string>022F25E11D52C8DA008AEBA1</string>
				<string>02CD65941D47CD130015661D</string>
				<string>022114391D565A1000F44E88</string>
				<string>02DAF3B51D47CAA70068BB71</string>
				<string>02CD65AD1D47D9AC0015661D</string>
				<string>022F25DC1D52C7D3008AEBA1</string>
				<string>02DAF3B21D47CAA70068BB71</string>
				<string>02DAF3B01D47CAA70068BB71</string>
				<string>02F2FDDF1D4AF71A006D4C83</string>
			</array>
			<key>isa</key>
			<string>PBXResourcesBuildPhase</string>
			<key>runOnlyForDeploymentPostprocessing</key>
			<string>0</string>
		</dict>
		<key>02DAF3A11D47CAA70068BB71</key>
		<dict>
			<key>buildConfigurationList</key>
			<string>02DAF3CF1D47CAA70068BB71</string>
			<key>buildPhases</key>
			<array>
				<string>0FA06C536E7C29AC51B45AF6</string>
				<string>02DAF39E1D47CAA70068BB71</string>
				<string>02DAF39F1D47CAA70068BB71</string>
				<string>02DAF3A01D47CAA70068BB71</string>
				<string>67B403B95D1163AE295E8740</string>
			</array>
			<key>buildRules</key>
			<array/>
			<key>dependencies</key>
			<array/>
			<key>isa</key>
			<string>PBXNativeTarget</string>
			<key>name</key>
			<string>Tenposs</string>
			<key>productName</key>
			<string>Tenposs</string>
			<key>productReference</key>
			<string>02DAF3A21D47CAA70068BB71</string>
			<key>productType</key>
			<string>com.apple.product-type.application</string>
		</dict>
		<key>02DAF3A21D47CAA70068BB71</key>
		<dict>
			<key>explicitFileType</key>
			<string>wrapper.application</string>
			<key>includeInIndex</key>
			<string>0</string>
			<key>isa</key>
			<string>PBXFileReference</string>
			<key>path</key>
			<string>Tenposs.app</string>
			<key>sourceTree</key>
			<string>BUILT_PRODUCTS_DIR</string>
		</dict>
		<key>02DAF3A31D47CAA70068BB71</key>
		<dict>
			<key>children</key>
			<array>
				<string>02DAF3A21D47CAA70068BB71</string>
				<string>02DAF3BB1D47CAA70068BB71</string>
				<string>02DAF3C61D47CAA70068BB71</string>
			</array>
			<key>isa</key>
			<string>PBXGroup</string>
			<key>name</key>
			<string>Products</string>
			<key>sourceTree</key>
			<string>&lt;group&gt;</string>
		</dict>
		<key>02DAF3A41D47CAA70068BB71</key>
		<dict>
			<key>children</key>
			<array>
				<string>022114361D565A1000F44E88</string>
				<string>02F2FDD51D4A32B1006D4C83</string>
				<string>02F2FD911D4A30E3006D4C83</string>
				<string>02F2FDBA1D4A30E3006D4C83</string>
				<string>02CD65951D47CDDC0015661D</string>
				<string>02CD65961D47CDDC0015661D</string>
				<string>02DAF3D81D47CAF80068BB71</string>
				<string>02DAF3A81D47CAA70068BB71</string>
				<string>02DAF3A91D47CAA70068BB71</string>
				<string>02DAF3AE1D47CAA70068BB71</string>
				<string>02DAF3B11D47CAA70068BB71</string>
				<string>02DAF3B31D47CAA70068BB71</string>
				<string>02DAF3B61D47CAA70068BB71</string>
				<string>02DAF3A51D47CAA70068BB71</string>
			</array>
			<key>isa</key>
			<string>PBXGroup</string>
			<key>path</key>
			<string>Tenposs</string>
			<key>sourceTree</key>
			<string>&lt;group&gt;</string>
		</dict>
		<key>02DAF3A51D47CAA70068BB71</key>
		<dict>
			<key>children</key>
			<array>
				<string>02DAF3A61D47CAA70068BB71</string>
			</array>
			<key>isa</key>
			<string>PBXGroup</string>
			<key>name</key>
			<string>Supporting Files</string>
			<key>sourceTree</key>
			<string>&lt;group&gt;</string>
		</dict>
		<key>02DAF3A61D47CAA70068BB71</key>
		<dict>
			<key>isa</key>
			<string>PBXFileReference</string>
			<key>lastKnownFileType</key>
			<string>sourcecode.c.objc</string>
			<key>path</key>
			<string>main.m</string>
			<key>sourceTree</key>
			<string>&lt;group&gt;</string>
		</dict>
		<key>02DAF3A71D47CAA70068BB71</key>
		<dict>
			<key>fileRef</key>
			<string>02DAF3A61D47CAA70068BB71</string>
			<key>isa</key>
			<string>PBXBuildFile</string>
		</dict>
		<key>02DAF3A81D47CAA70068BB71</key>
		<dict>
			<key>isa</key>
			<string>PBXFileReference</string>
			<key>lastKnownFileType</key>
			<string>sourcecode.c.h</string>
			<key>path</key>
			<string>AppDelegate.h</string>
			<key>sourceTree</key>
			<string>&lt;group&gt;</string>
		</dict>
		<key>02DAF3A91D47CAA70068BB71</key>
		<dict>
			<key>isa</key>
			<string>PBXFileReference</string>
			<key>lastKnownFileType</key>
			<string>sourcecode.c.objc</string>
			<key>path</key>
			<string>AppDelegate.m</string>
			<key>sourceTree</key>
			<string>&lt;group&gt;</string>
		</dict>
		<key>02DAF3AA1D47CAA70068BB71</key>
		<dict>
			<key>fileRef</key>
			<string>02DAF3A91D47CAA70068BB71</string>
			<key>isa</key>
			<string>PBXBuildFile</string>
		</dict>
		<key>02DAF3AE1D47CAA70068BB71</key>
		<dict>
			<key>children</key>
			<array>
				<string>02DAF3AF1D47CAA70068BB71</string>
			</array>
			<key>isa</key>
			<string>PBXVariantGroup</string>
			<key>name</key>
			<string>Main.storyboard</string>
			<key>sourceTree</key>
			<string>&lt;group&gt;</string>
		</dict>
		<key>02DAF3AF1D47CAA70068BB71</key>
		<dict>
			<key>isa</key>
			<string>PBXFileReference</string>
			<key>lastKnownFileType</key>
			<string>file.storyboard</string>
			<key>name</key>
			<string>Base</string>
			<key>path</key>
			<string>Base.lproj/Main.storyboard</string>
			<key>sourceTree</key>
			<string>&lt;group&gt;</string>
		</dict>
		<key>02DAF3B01D47CAA70068BB71</key>
		<dict>
			<key>fileRef</key>
			<string>02DAF3AE1D47CAA70068BB71</string>
			<key>isa</key>
			<string>PBXBuildFile</string>
		</dict>
		<key>02DAF3B11D47CAA70068BB71</key>
		<dict>
			<key>isa</key>
			<string>PBXFileReference</string>
			<key>lastKnownFileType</key>
			<string>folder.assetcatalog</string>
			<key>path</key>
			<string>Assets.xcassets</string>
			<key>sourceTree</key>
			<string>&lt;group&gt;</string>
		</dict>
		<key>02DAF3B21D47CAA70068BB71</key>
		<dict>
			<key>fileRef</key>
			<string>02DAF3B11D47CAA70068BB71</string>
			<key>isa</key>
			<string>PBXBuildFile</string>
		</dict>
		<key>02DAF3B31D47CAA70068BB71</key>
		<dict>
			<key>children</key>
			<array>
				<string>02DAF3B41D47CAA70068BB71</string>
			</array>
			<key>isa</key>
			<string>PBXVariantGroup</string>
			<key>name</key>
			<string>LaunchScreen.storyboard</string>
			<key>sourceTree</key>
			<string>&lt;group&gt;</string>
		</dict>
		<key>02DAF3B41D47CAA70068BB71</key>
		<dict>
			<key>isa</key>
			<string>PBXFileReference</string>
			<key>lastKnownFileType</key>
			<string>file.storyboard</string>
			<key>name</key>
			<string>Base</string>
			<key>path</key>
			<string>Base.lproj/LaunchScreen.storyboard</string>
			<key>sourceTree</key>
			<string>&lt;group&gt;</string>
		</dict>
		<key>02DAF3B51D47CAA70068BB71</key>
		<dict>
			<key>fileRef</key>
			<string>02DAF3B31D47CAA70068BB71</string>
			<key>isa</key>
			<string>PBXBuildFile</string>
		</dict>
		<key>02DAF3B61D47CAA70068BB71</key>
		<dict>
			<key>isa</key>
			<string>PBXFileReference</string>
			<key>lastKnownFileType</key>
			<string>text.plist.xml</string>
			<key>path</key>
			<string>Info.plist</string>
			<key>sourceTree</key>
			<string>&lt;group&gt;</string>
		</dict>
		<key>02DAF3B71D47CAA70068BB71</key>
		<dict>
			<key>buildActionMask</key>
			<string>2147483647</string>
			<key>files</key>
			<array>
				<string>02DAF3C01D47CAA70068BB71</string>
			</array>
			<key>isa</key>
			<string>PBXSourcesBuildPhase</string>
			<key>runOnlyForDeploymentPostprocessing</key>
			<string>0</string>
		</dict>
		<key>02DAF3B81D47CAA70068BB71</key>
		<dict>
			<key>buildActionMask</key>
			<string>2147483647</string>
			<key>files</key>
			<array/>
			<key>isa</key>
			<string>PBXFrameworksBuildPhase</string>
			<key>runOnlyForDeploymentPostprocessing</key>
			<string>0</string>
		</dict>
		<key>02DAF3B91D47CAA70068BB71</key>
		<dict>
			<key>buildActionMask</key>
			<string>2147483647</string>
			<key>files</key>
			<array/>
			<key>isa</key>
			<string>PBXResourcesBuildPhase</string>
			<key>runOnlyForDeploymentPostprocessing</key>
			<string>0</string>
		</dict>
		<key>02DAF3BA1D47CAA70068BB71</key>
		<dict>
			<key>buildConfigurationList</key>
			<string>02DAF3D21D47CAA70068BB71</string>
			<key>buildPhases</key>
			<array>
				<string>02DAF3B71D47CAA70068BB71</string>
				<string>02DAF3B81D47CAA70068BB71</string>
				<string>02DAF3B91D47CAA70068BB71</string>
			</array>
			<key>buildRules</key>
			<array/>
			<key>dependencies</key>
			<array>
				<string>02DAF3BD1D47CAA70068BB71</string>
			</array>
			<key>isa</key>
			<string>PBXNativeTarget</string>
			<key>name</key>
			<string>TenpossTests</string>
			<key>productName</key>
			<string>TenpossTests</string>
			<key>productReference</key>
			<string>02DAF3BB1D47CAA70068BB71</string>
			<key>productType</key>
			<string>com.apple.product-type.bundle.unit-test</string>
		</dict>
		<key>02DAF3BB1D47CAA70068BB71</key>
		<dict>
			<key>explicitFileType</key>
			<string>wrapper.cfbundle</string>
			<key>includeInIndex</key>
			<string>0</string>
			<key>isa</key>
			<string>PBXFileReference</string>
			<key>path</key>
			<string>TenpossTests.xctest</string>
			<key>sourceTree</key>
			<string>BUILT_PRODUCTS_DIR</string>
		</dict>
		<key>02DAF3BC1D47CAA70068BB71</key>
		<dict>
			<key>containerPortal</key>
			<string>02DAF39A1D47CAA70068BB71</string>
			<key>isa</key>
			<string>PBXContainerItemProxy</string>
			<key>proxyType</key>
			<string>1</string>
			<key>remoteGlobalIDString</key>
			<string>02DAF3A11D47CAA70068BB71</string>
			<key>remoteInfo</key>
			<string>Tenposs</string>
		</dict>
		<key>02DAF3BD1D47CAA70068BB71</key>
		<dict>
			<key>isa</key>
			<string>PBXTargetDependency</string>
			<key>target</key>
			<string>02DAF3A11D47CAA70068BB71</string>
			<key>targetProxy</key>
			<string>02DAF3BC1D47CAA70068BB71</string>
		</dict>
		<key>02DAF3BE1D47CAA70068BB71</key>
		<dict>
			<key>children</key>
			<array>
				<string>02DAF3BF1D47CAA70068BB71</string>
				<string>02DAF3C11D47CAA70068BB71</string>
			</array>
			<key>isa</key>
			<string>PBXGroup</string>
			<key>path</key>
			<string>TenpossTests</string>
			<key>sourceTree</key>
			<string>&lt;group&gt;</string>
		</dict>
		<key>02DAF3BF1D47CAA70068BB71</key>
		<dict>
			<key>isa</key>
			<string>PBXFileReference</string>
			<key>lastKnownFileType</key>
			<string>sourcecode.c.objc</string>
			<key>path</key>
			<string>TenpossTests.m</string>
			<key>sourceTree</key>
			<string>&lt;group&gt;</string>
		</dict>
		<key>02DAF3C01D47CAA70068BB71</key>
		<dict>
			<key>fileRef</key>
			<string>02DAF3BF1D47CAA70068BB71</string>
			<key>isa</key>
			<string>PBXBuildFile</string>
		</dict>
		<key>02DAF3C11D47CAA70068BB71</key>
		<dict>
			<key>isa</key>
			<string>PBXFileReference</string>
			<key>lastKnownFileType</key>
			<string>text.plist.xml</string>
			<key>path</key>
			<string>Info.plist</string>
			<key>sourceTree</key>
			<string>&lt;group&gt;</string>
		</dict>
		<key>02DAF3C21D47CAA70068BB71</key>
		<dict>
			<key>buildActionMask</key>
			<string>2147483647</string>
			<key>files</key>
			<array>
				<string>02DAF3CB1D47CAA70068BB71</string>
			</array>
			<key>isa</key>
			<string>PBXSourcesBuildPhase</string>
			<key>runOnlyForDeploymentPostprocessing</key>
			<string>0</string>
		</dict>
		<key>02DAF3C31D47CAA70068BB71</key>
		<dict>
			<key>buildActionMask</key>
			<string>2147483647</string>
			<key>files</key>
			<array/>
			<key>isa</key>
			<string>PBXFrameworksBuildPhase</string>
			<key>runOnlyForDeploymentPostprocessing</key>
			<string>0</string>
		</dict>
		<key>02DAF3C41D47CAA70068BB71</key>
		<dict>
			<key>buildActionMask</key>
			<string>2147483647</string>
			<key>files</key>
			<array/>
			<key>isa</key>
			<string>PBXResourcesBuildPhase</string>
			<key>runOnlyForDeploymentPostprocessing</key>
			<string>0</string>
		</dict>
		<key>02DAF3C51D47CAA70068BB71</key>
		<dict>
			<key>buildConfigurationList</key>
			<string>02DAF3D51D47CAA70068BB71</string>
			<key>buildPhases</key>
			<array>
				<string>02DAF3C21D47CAA70068BB71</string>
				<string>02DAF3C31D47CAA70068BB71</string>
				<string>02DAF3C41D47CAA70068BB71</string>
			</array>
			<key>buildRules</key>
			<array/>
			<key>dependencies</key>
			<array>
				<string>02DAF3C81D47CAA70068BB71</string>
			</array>
			<key>isa</key>
			<string>PBXNativeTarget</string>
			<key>name</key>
			<string>TenpossUITests</string>
			<key>productName</key>
			<string>TenpossUITests</string>
			<key>productReference</key>
			<string>02DAF3C61D47CAA70068BB71</string>
			<key>productType</key>
			<string>com.apple.product-type.bundle.ui-testing</string>
		</dict>
		<key>02DAF3C61D47CAA70068BB71</key>
		<dict>
			<key>explicitFileType</key>
			<string>wrapper.cfbundle</string>
			<key>includeInIndex</key>
			<string>0</string>
			<key>isa</key>
			<string>PBXFileReference</string>
			<key>path</key>
			<string>TenpossUITests.xctest</string>
			<key>sourceTree</key>
			<string>BUILT_PRODUCTS_DIR</string>
		</dict>
		<key>02DAF3C71D47CAA70068BB71</key>
		<dict>
			<key>containerPortal</key>
			<string>02DAF39A1D47CAA70068BB71</string>
			<key>isa</key>
			<string>PBXContainerItemProxy</string>
			<key>proxyType</key>
			<string>1</string>
			<key>remoteGlobalIDString</key>
			<string>02DAF3A11D47CAA70068BB71</string>
			<key>remoteInfo</key>
			<string>Tenposs</string>
		</dict>
		<key>02DAF3C81D47CAA70068BB71</key>
		<dict>
			<key>isa</key>
			<string>PBXTargetDependency</string>
			<key>target</key>
			<string>02DAF3A11D47CAA70068BB71</string>
			<key>targetProxy</key>
			<string>02DAF3C71D47CAA70068BB71</string>
		</dict>
		<key>02DAF3C91D47CAA70068BB71</key>
		<dict>
			<key>children</key>
			<array>
				<string>02DAF3CA1D47CAA70068BB71</string>
				<string>02DAF3CC1D47CAA70068BB71</string>
			</array>
			<key>isa</key>
			<string>PBXGroup</string>
			<key>path</key>
			<string>TenpossUITests</string>
			<key>sourceTree</key>
			<string>&lt;group&gt;</string>
		</dict>
		<key>02DAF3CA1D47CAA70068BB71</key>
		<dict>
			<key>isa</key>
			<string>PBXFileReference</string>
			<key>lastKnownFileType</key>
			<string>sourcecode.c.objc</string>
			<key>path</key>
			<string>TenpossUITests.m</string>
			<key>sourceTree</key>
			<string>&lt;group&gt;</string>
		</dict>
		<key>02DAF3CB1D47CAA70068BB71</key>
		<dict>
			<key>fileRef</key>
			<string>02DAF3CA1D47CAA70068BB71</string>
			<key>isa</key>
			<string>PBXBuildFile</string>
		</dict>
		<key>02DAF3CC1D47CAA70068BB71</key>
		<dict>
			<key>isa</key>
			<string>PBXFileReference</string>
			<key>lastKnownFileType</key>
			<string>text.plist.xml</string>
			<key>path</key>
			<string>Info.plist</string>
			<key>sourceTree</key>
			<string>&lt;group&gt;</string>
		</dict>
		<key>02DAF3CD1D47CAA70068BB71</key>
		<dict>
			<key>buildSettings</key>
			<dict>
				<key>ALWAYS_SEARCH_USER_PATHS</key>
				<string>NO</string>
				<key>CLANG_ANALYZER_NONNULL</key>
				<string>YES</string>
				<key>CLANG_CXX_LANGUAGE_STANDARD</key>
				<string>gnu++0x</string>
				<key>CLANG_CXX_LIBRARY</key>
				<string>libc++</string>
				<key>CLANG_ENABLE_MODULES</key>
				<string>YES</string>
				<key>CLANG_ENABLE_OBJC_ARC</key>
				<string>YES</string>
				<key>CLANG_WARN_BOOL_CONVERSION</key>
				<string>YES</string>
				<key>CLANG_WARN_CONSTANT_CONVERSION</key>
				<string>YES</string>
				<key>CLANG_WARN_DIRECT_OBJC_ISA_USAGE</key>
				<string>YES_ERROR</string>
				<key>CLANG_WARN_EMPTY_BODY</key>
				<string>YES</string>
				<key>CLANG_WARN_ENUM_CONVERSION</key>
				<string>YES</string>
				<key>CLANG_WARN_INT_CONVERSION</key>
				<string>YES</string>
				<key>CLANG_WARN_OBJC_ROOT_CLASS</key>
				<string>YES_ERROR</string>
				<key>CLANG_WARN_UNREACHABLE_CODE</key>
				<string>YES</string>
				<key>CLANG_WARN__DUPLICATE_METHOD_MATCH</key>
				<string>YES</string>
				<key>CODE_SIGN_IDENTITY[sdk=iphoneos*]</key>
				<string>iPhone Developer</string>
				<key>COPY_PHASE_STRIP</key>
				<string>NO</string>
				<key>DEBUG_INFORMATION_FORMAT</key>
				<string>dwarf</string>
				<key>ENABLE_STRICT_OBJC_MSGSEND</key>
				<string>YES</string>
				<key>ENABLE_TESTABILITY</key>
				<string>YES</string>
				<key>GCC_C_LANGUAGE_STANDARD</key>
				<string>gnu99</string>
				<key>GCC_DYNAMIC_NO_PIC</key>
				<string>NO</string>
				<key>GCC_NO_COMMON_BLOCKS</key>
				<string>YES</string>
				<key>GCC_OPTIMIZATION_LEVEL</key>
				<string>0</string>
				<key>GCC_PREPROCESSOR_DEFINITIONS</key>
				<array>
					<string>DEBUG=1</string>
					<string>$(inherited)</string>
				</array>
				<key>GCC_WARN_64_TO_32_BIT_CONVERSION</key>
				<string>YES</string>
				<key>GCC_WARN_ABOUT_RETURN_TYPE</key>
				<string>YES_ERROR</string>
				<key>GCC_WARN_UNDECLARED_SELECTOR</key>
				<string>YES</string>
				<key>GCC_WARN_UNINITIALIZED_AUTOS</key>
				<string>YES_AGGRESSIVE</string>
				<key>GCC_WARN_UNUSED_FUNCTION</key>
				<string>YES</string>
				<key>GCC_WARN_UNUSED_VARIABLE</key>
				<string>YES</string>
				<key>IPHONEOS_DEPLOYMENT_TARGET</key>
				<string>9.3</string>
				<key>MTL_ENABLE_DEBUG_INFO</key>
				<string>YES</string>
				<key>ONLY_ACTIVE_ARCH</key>
				<string>YES</string>
				<key>SDKROOT</key>
				<string>iphoneos</string>
				<key>TARGETED_DEVICE_FAMILY</key>
				<string>1,2</string>
			</dict>
			<key>isa</key>
			<string>XCBuildConfiguration</string>
			<key>name</key>
			<string>Debug</string>
		</dict>
		<key>02DAF3CE1D47CAA70068BB71</key>
		<dict>
			<key>buildSettings</key>
			<dict>
				<key>ALWAYS_SEARCH_USER_PATHS</key>
				<string>NO</string>
				<key>CLANG_ANALYZER_NONNULL</key>
				<string>YES</string>
				<key>CLANG_CXX_LANGUAGE_STANDARD</key>
				<string>gnu++0x</string>
				<key>CLANG_CXX_LIBRARY</key>
				<string>libc++</string>
				<key>CLANG_ENABLE_MODULES</key>
				<string>YES</string>
				<key>CLANG_ENABLE_OBJC_ARC</key>
				<string>YES</string>
				<key>CLANG_WARN_BOOL_CONVERSION</key>
				<string>YES</string>
				<key>CLANG_WARN_CONSTANT_CONVERSION</key>
				<string>YES</string>
				<key>CLANG_WARN_DIRECT_OBJC_ISA_USAGE</key>
				<string>YES_ERROR</string>
				<key>CLANG_WARN_EMPTY_BODY</key>
				<string>YES</string>
				<key>CLANG_WARN_ENUM_CONVERSION</key>
				<string>YES</string>
				<key>CLANG_WARN_INT_CONVERSION</key>
				<string>YES</string>
				<key>CLANG_WARN_OBJC_ROOT_CLASS</key>
				<string>YES_ERROR</string>
				<key>CLANG_WARN_UNREACHABLE_CODE</key>
				<string>YES</string>
				<key>CLANG_WARN__DUPLICATE_METHOD_MATCH</key>
				<string>YES</string>
				<key>CODE_SIGN_IDENTITY[sdk=iphoneos*]</key>
				<string>iPhone Developer</string>
				<key>COPY_PHASE_STRIP</key>
				<string>NO</string>
				<key>DEBUG_INFORMATION_FORMAT</key>
				<string>dwarf-with-dsym</string>
				<key>ENABLE_NS_ASSERTIONS</key>
				<string>NO</string>
				<key>ENABLE_STRICT_OBJC_MSGSEND</key>
				<string>YES</string>
				<key>GCC_C_LANGUAGE_STANDARD</key>
				<string>gnu99</string>
				<key>GCC_NO_COMMON_BLOCKS</key>
				<string>YES</string>
				<key>GCC_WARN_64_TO_32_BIT_CONVERSION</key>
				<string>YES</string>
				<key>GCC_WARN_ABOUT_RETURN_TYPE</key>
				<string>YES_ERROR</string>
				<key>GCC_WARN_UNDECLARED_SELECTOR</key>
				<string>YES</string>
				<key>GCC_WARN_UNINITIALIZED_AUTOS</key>
				<string>YES_AGGRESSIVE</string>
				<key>GCC_WARN_UNUSED_FUNCTION</key>
				<string>YES</string>
				<key>GCC_WARN_UNUSED_VARIABLE</key>
				<string>YES</string>
				<key>IPHONEOS_DEPLOYMENT_TARGET</key>
				<string>9.3</string>
				<key>MTL_ENABLE_DEBUG_INFO</key>
				<string>NO</string>
				<key>SDKROOT</key>
				<string>iphoneos</string>
				<key>TARGETED_DEVICE_FAMILY</key>
				<string>1,2</string>
				<key>VALIDATE_PRODUCT</key>
				<string>YES</string>
			</dict>
			<key>isa</key>
			<string>XCBuildConfiguration</string>
			<key>name</key>
			<string>Release</string>
		</dict>
		<key>02DAF3CF1D47CAA70068BB71</key>
		<dict>
			<key>buildConfigurations</key>
			<array>
				<string>02DAF3D01D47CAA70068BB71</string>
				<string>02DAF3D11D47CAA70068BB71</string>
			</array>
			<key>defaultConfigurationIsVisible</key>
			<string>0</string>
			<key>defaultConfigurationName</key>
			<string>Release</string>
			<key>isa</key>
			<string>XCConfigurationList</string>
		</dict>
		<key>02DAF3D01D47CAA70068BB71</key>
		<dict>
			<key>baseConfigurationReference</key>
			<string>C4EC3422AF07D2D57066AA91</string>
			<key>buildSettings</key>
			<dict>
				<key>ASSETCATALOG_COMPILER_APPICON_NAME</key>
				<string>AppIcon</string>
				<key>INFOPLIST_FILE</key>
				<string>Tenposs/Info.plist</string>
				<key>IPHONEOS_DEPLOYMENT_TARGET</key>
				<string>7.0</string>
				<key>LD_RUNPATH_SEARCH_PATHS</key>
				<string>$(inherited) @executable_path/Frameworks</string>
				<key>PRODUCT_BUNDLE_IDENTIFIER</key>
				<string>jp.tenposs.Tenposs</string>
				<key>PRODUCT_NAME</key>
				<string>$(TARGET_NAME)</string>
			</dict>
			<key>isa</key>
			<string>XCBuildConfiguration</string>
			<key>name</key>
			<string>Debug</string>
		</dict>
		<key>02DAF3D11D47CAA70068BB71</key>
		<dict>
			<key>baseConfigurationReference</key>
			<string>7636C41DA4BD773AD6F4609D</string>
			<key>buildSettings</key>
			<dict>
				<key>ASSETCATALOG_COMPILER_APPICON_NAME</key>
				<string>AppIcon</string>
				<key>INFOPLIST_FILE</key>
				<string>Tenposs/Info.plist</string>
				<key>IPHONEOS_DEPLOYMENT_TARGET</key>
				<string>7.0</string>
				<key>LD_RUNPATH_SEARCH_PATHS</key>
				<string>$(inherited) @executable_path/Frameworks</string>
				<key>PRODUCT_BUNDLE_IDENTIFIER</key>
				<string>jp.tenposs.Tenposs</string>
				<key>PRODUCT_NAME</key>
				<string>$(TARGET_NAME)</string>
			</dict>
			<key>isa</key>
			<string>XCBuildConfiguration</string>
			<key>name</key>
			<string>Release</string>
		</dict>
		<key>02DAF3D21D47CAA70068BB71</key>
		<dict>
			<key>buildConfigurations</key>
			<array>
				<string>02DAF3D31D47CAA70068BB71</string>
				<string>02DAF3D41D47CAA70068BB71</string>
			</array>
			<key>defaultConfigurationIsVisible</key>
			<string>0</string>
			<key>defaultConfigurationName</key>
			<string>Release</string>
			<key>isa</key>
			<string>XCConfigurationList</string>
		</dict>
		<key>02DAF3D31D47CAA70068BB71</key>
		<dict>
			<key>buildSettings</key>
			<dict>
				<key>BUNDLE_LOADER</key>
				<string>$(TEST_HOST)</string>
				<key>INFOPLIST_FILE</key>
				<string>TenpossTests/Info.plist</string>
				<key>LD_RUNPATH_SEARCH_PATHS</key>
				<string>$(inherited) @executable_path/Frameworks @loader_path/Frameworks</string>
				<key>PRODUCT_BUNDLE_IDENTIFIER</key>
				<string>jp.tenposs.TenpossTests</string>
				<key>PRODUCT_NAME</key>
				<string>$(TARGET_NAME)</string>
				<key>TEST_HOST</key>
				<string>$(BUILT_PRODUCTS_DIR)/Tenposs.app/Tenposs</string>
			</dict>
			<key>isa</key>
			<string>XCBuildConfiguration</string>
			<key>name</key>
			<string>Debug</string>
		</dict>
		<key>02DAF3D41D47CAA70068BB71</key>
		<dict>
			<key>buildSettings</key>
			<dict>
				<key>BUNDLE_LOADER</key>
				<string>$(TEST_HOST)</string>
				<key>INFOPLIST_FILE</key>
				<string>TenpossTests/Info.plist</string>
				<key>LD_RUNPATH_SEARCH_PATHS</key>
				<string>$(inherited) @executable_path/Frameworks @loader_path/Frameworks</string>
				<key>PRODUCT_BUNDLE_IDENTIFIER</key>
				<string>jp.tenposs.TenpossTests</string>
				<key>PRODUCT_NAME</key>
				<string>$(TARGET_NAME)</string>
				<key>TEST_HOST</key>
				<string>$(BUILT_PRODUCTS_DIR)/Tenposs.app/Tenposs</string>
			</dict>
			<key>isa</key>
			<string>XCBuildConfiguration</string>
			<key>name</key>
			<string>Release</string>
		</dict>
		<key>02DAF3D51D47CAA70068BB71</key>
		<dict>
			<key>buildConfigurations</key>
			<array>
				<string>02DAF3D61D47CAA70068BB71</string>
				<string>02DAF3D71D47CAA70068BB71</string>
			</array>
			<key>defaultConfigurationIsVisible</key>
			<string>0</string>
			<key>defaultConfigurationName</key>
			<string>Release</string>
			<key>isa</key>
			<string>XCConfigurationList</string>
		</dict>
		<key>02DAF3D61D47CAA70068BB71</key>
		<dict>
			<key>buildSettings</key>
			<dict>
				<key>INFOPLIST_FILE</key>
				<string>TenpossUITests/Info.plist</string>
				<key>LD_RUNPATH_SEARCH_PATHS</key>
				<string>$(inherited) @executable_path/Frameworks @loader_path/Frameworks</string>
				<key>PRODUCT_BUNDLE_IDENTIFIER</key>
				<string>jp.tenposs.TenpossUITests</string>
				<key>PRODUCT_NAME</key>
				<string>$(TARGET_NAME)</string>
				<key>TEST_TARGET_NAME</key>
				<string>Tenposs</string>
			</dict>
			<key>isa</key>
			<string>XCBuildConfiguration</string>
			<key>name</key>
			<string>Debug</string>
		</dict>
		<key>02DAF3D71D47CAA70068BB71</key>
		<dict>
			<key>buildSettings</key>
			<dict>
				<key>INFOPLIST_FILE</key>
				<string>TenpossUITests/Info.plist</string>
				<key>LD_RUNPATH_SEARCH_PATHS</key>
				<string>$(inherited) @executable_path/Frameworks @loader_path/Frameworks</string>
				<key>PRODUCT_BUNDLE_IDENTIFIER</key>
				<string>jp.tenposs.TenpossUITests</string>
				<key>PRODUCT_NAME</key>
				<string>$(TARGET_NAME)</string>
				<key>TEST_TARGET_NAME</key>
				<string>Tenposs</string>
			</dict>
			<key>isa</key>
			<string>XCBuildConfiguration</string>
			<key>name</key>
			<string>Release</string>
		</dict>
		<key>02DAF3D81D47CAF80068BB71</key>
		<dict>
			<key>children</key>
			<array>
				<string>02DAF3D91D47CC5C0068BB71</string>
				<string>02DAF3DA1D47CC5C0068BB71</string>
			</array>
			<key>isa</key>
			<string>PBXGroup</string>
			<key>path</key>
			<string>ItemViews</string>
			<key>sourceTree</key>
			<string>&lt;group&gt;</string>
		</dict>
		<key>02DAF3D91D47CC5C0068BB71</key>
		<dict>
			<key>children</key>
			<array>
				<string>02CD659F1D47D6C50015661D</string>
				<string>02CD65A01D47D6C50015661D</string>
				<string>02CD65A11D47D6C50015661D</string>
				<string>02CD65A41D47D8EB0015661D</string>
				<string>02CD65A51D47D8EB0015661D</string>
				<string>02CD65A61D47D8EB0015661D</string>
				<string>02CD65A91D47D9AC0015661D</string>
				<string>02CD65AA1D47D9AC0015661D</string>
				<string>02CD65AB1D47D9AC0015661D</string>
				<string>02CD65AE1D47E7DB0015661D</string>
				<string>02CD65AF1D47E7DB0015661D</string>
				<string>02CD65B01D47E7DB0015661D</string>
				<string>022F25D81D52C7D3008AEBA1</string>
				<string>022F25D91D52C7D3008AEBA1</string>
				<string>022F25DA1D52C7D3008AEBA1</string>
				<string>022F25DD1D52C8DA008AEBA1</string>
				<string>022F25DE1D52C8DA008AEBA1</string>
				<string>022F25DF1D52C8DA008AEBA1</string>
				<string>0221142A1D5441E000F44E88</string>
				<string>0221142B1D5441E000F44E88</string>
				<string>0221143E1D567C6E00F44E88</string>
				<string>0221143F1D567C6E00F44E88</string>
				<string>022114401D567C6E00F44E88</string>
			</array>
			<key>isa</key>
			<string>PBXGroup</string>
			<key>path</key>
			<string>CollectionViewItem</string>
			<key>sourceTree</key>
			<string>&lt;group&gt;</string>
		</dict>
		<key>02DAF3DA1D47CC5C0068BB71</key>
		<dict>
			<key>children</key>
			<array>
				<string>02CD65901D47CD130015661D</string>
				<string>02CD65911D47CD130015661D</string>
				<string>02CD65921D47CD130015661D</string>
				<string>02CD659A1D47D4240015661D</string>
				<string>02CD659B1D47D4240015661D</string>
				<string>02CD659C1D47D4240015661D</string>
			</array>
			<key>isa</key>
			<string>PBXGroup</string>
			<key>path</key>
			<string>MenuItem</string>
			<key>sourceTree</key>
			<string>&lt;group&gt;</string>
		</dict>
		<key>02F2FD911D4A30E3006D4C83</key>
		<dict>
			<key>children</key>
			<array>
				<string>02F2FD921D4A30E3006D4C83</string>
				<string>02F2FD931D4A30E3006D4C83</string>
				<string>02F2FD941D4A30E3006D4C83</string>
				<string>02F2FD951D4A30E3006D4C83</string>
				<string>02F2FD961D4A30E3006D4C83</string>
				<string>02F2FD971D4A30E3006D4C83</string>
				<string>02F2FD981D4A30E3006D4C83</string>
				<string>02F2FDB21D4A30E3006D4C83</string>
				<string>02F2FDB31D4A30E3006D4C83</string>
				<string>02F2FDB41D4A30E3006D4C83</string>
				<string>02F2FDB51D4A30E3006D4C83</string>
				<string>02F2FDB61D4A30E3006D4C83</string>
				<string>02F2FDB71D4A30E3006D4C83</string>
				<string>02F2FDB81D4A30E3006D4C83</string>
				<string>02F2FDB91D4A30E3006D4C83</string>
				<string>022F25B31D50B4C0008AEBA1</string>
				<string>022F25B41D50B4C0008AEBA1</string>
			</array>
			<key>isa</key>
			<string>PBXGroup</string>
			<key>path</key>
			<string>Datamodel</string>
			<key>sourceTree</key>
			<string>&lt;group&gt;</string>
		</dict>
		<key>02F2FD921D4A30E3006D4C83</key>
		<dict>
			<key>fileEncoding</key>
			<string>4</string>
			<key>isa</key>
			<string>PBXFileReference</string>
			<key>lastKnownFileType</key>
			<string>sourcecode.c.h</string>
			<key>path</key>
			<string>Bundle.h</string>
			<key>sourceTree</key>
			<string>&lt;group&gt;</string>
		</dict>
		<key>02F2FD931D4A30E3006D4C83</key>
		<dict>
			<key>fileEncoding</key>
			<string>4</string>
			<key>isa</key>
			<string>PBXFileReference</string>
			<key>lastKnownFileType</key>
			<string>sourcecode.c.objc</string>
			<key>path</key>
			<string>Bundle.m</string>
			<key>sourceTree</key>
			<string>&lt;group&gt;</string>
		</dict>
		<key>02F2FD941D4A30E3006D4C83</key>
		<dict>
			<key>fileEncoding</key>
			<string>4</string>
			<key>isa</key>
			<string>PBXFileReference</string>
			<key>lastKnownFileType</key>
			<string>sourcecode.c.h</string>
			<key>path</key>
			<string>CommonRequest.h</string>
			<key>sourceTree</key>
			<string>&lt;group&gt;</string>
		</dict>
		<key>02F2FD951D4A30E3006D4C83</key>
		<dict>
			<key>fileEncoding</key>
			<string>4</string>
			<key>isa</key>
			<string>PBXFileReference</string>
			<key>lastKnownFileType</key>
			<string>sourcecode.c.objc</string>
			<key>path</key>
			<string>CommonRequest.m</string>
			<key>sourceTree</key>
			<string>&lt;group&gt;</string>
		</dict>
		<key>02F2FD961D4A30E3006D4C83</key>
		<dict>
			<key>fileEncoding</key>
			<string>4</string>
			<key>isa</key>
			<string>PBXFileReference</string>
			<key>lastKnownFileType</key>
			<string>sourcecode.c.h</string>
			<key>path</key>
			<string>CommonResponse.h</string>
			<key>sourceTree</key>
			<string>&lt;group&gt;</string>
		</dict>
		<key>02F2FD971D4A30E3006D4C83</key>
		<dict>
			<key>fileEncoding</key>
			<string>4</string>
			<key>isa</key>
			<string>PBXFileReference</string>
			<key>lastKnownFileType</key>
			<string>sourcecode.c.objc</string>
			<key>path</key>
			<string>CommonResponse.m</string>
			<key>sourceTree</key>
			<string>&lt;group&gt;</string>
		</dict>
		<key>02F2FD981D4A30E3006D4C83</key>
		<dict>
			<key>children</key>
			<array>
				<string>02F2FD991D4A30E3006D4C83</string>
				<string>02F2FDA21D4A30E3006D4C83</string>
				<string>02F2FDA51D4A30E3006D4C83</string>
				<string>02F2FDA61D4A30E3006D4C83</string>
				<string>02F2FDAD1D4A30E3006D4C83</string>
			</array>
			<key>isa</key>
			<string>PBXGroup</string>
			<key>path</key>
			<string>JSONModel</string>
			<key>sourceTree</key>
			<string>&lt;group&gt;</string>
		</dict>
		<key>02F2FD991D4A30E3006D4C83</key>
		<dict>
			<key>children</key>
			<array>
				<string>02F2FD9A1D4A30E3006D4C83</string>
				<string>02F2FD9B1D4A30E3006D4C83</string>
				<string>02F2FD9C1D4A30E3006D4C83</string>
				<string>02F2FD9D1D4A30E3006D4C83</string>
				<string>02F2FD9E1D4A30E3006D4C83</string>
				<string>02F2FD9F1D4A30E3006D4C83</string>
				<string>02F2FDA01D4A30E3006D4C83</string>
				<string>02F2FDA11D4A30E3006D4C83</string>
			</array>
			<key>isa</key>
			<string>PBXGroup</string>
			<key>path</key>
			<string>JSONModel</string>
			<key>sourceTree</key>
			<string>&lt;group&gt;</string>
		</dict>
		<key>02F2FD9A1D4A30E3006D4C83</key>
		<dict>
			<key>fileEncoding</key>
			<string>4</string>
			<key>isa</key>
			<string>PBXFileReference</string>
			<key>lastKnownFileType</key>
			<string>sourcecode.c.h</string>
			<key>path</key>
			<string>JSONModel.h</string>
			<key>sourceTree</key>
			<string>&lt;group&gt;</string>
		</dict>
		<key>02F2FD9B1D4A30E3006D4C83</key>
		<dict>
			<key>fileEncoding</key>
			<string>4</string>
			<key>isa</key>
			<string>PBXFileReference</string>
			<key>lastKnownFileType</key>
			<string>sourcecode.c.objc</string>
			<key>path</key>
			<string>JSONModel.m</string>
			<key>sourceTree</key>
			<string>&lt;group&gt;</string>
		</dict>
		<key>02F2FD9C1D4A30E3006D4C83</key>
		<dict>
			<key>fileEncoding</key>
			<string>4</string>
			<key>isa</key>
			<string>PBXFileReference</string>
			<key>lastKnownFileType</key>
			<string>sourcecode.c.h</string>
			<key>path</key>
			<string>JSONModelArray.h</string>
			<key>sourceTree</key>
			<string>&lt;group&gt;</string>
		</dict>
		<key>02F2FD9D1D4A30E3006D4C83</key>
		<dict>
			<key>fileEncoding</key>
			<string>4</string>
			<key>isa</key>
			<string>PBXFileReference</string>
			<key>lastKnownFileType</key>
			<string>sourcecode.c.objc</string>
			<key>path</key>
			<string>JSONModelArray.m</string>
			<key>sourceTree</key>
			<string>&lt;group&gt;</string>
		</dict>
		<key>02F2FD9E1D4A30E3006D4C83</key>
		<dict>
			<key>fileEncoding</key>
			<string>4</string>
			<key>isa</key>
			<string>PBXFileReference</string>
			<key>lastKnownFileType</key>
			<string>sourcecode.c.h</string>
			<key>path</key>
			<string>JSONModelClassProperty.h</string>
			<key>sourceTree</key>
			<string>&lt;group&gt;</string>
		</dict>
		<key>02F2FD9F1D4A30E3006D4C83</key>
		<dict>
			<key>fileEncoding</key>
			<string>4</string>
			<key>isa</key>
			<string>PBXFileReference</string>
			<key>lastKnownFileType</key>
			<string>sourcecode.c.objc</string>
			<key>path</key>
			<string>JSONModelClassProperty.m</string>
			<key>sourceTree</key>
			<string>&lt;group&gt;</string>
		</dict>
		<key>02F2FDA01D4A30E3006D4C83</key>
		<dict>
			<key>fileEncoding</key>
			<string>4</string>
			<key>isa</key>
			<string>PBXFileReference</string>
			<key>lastKnownFileType</key>
			<string>sourcecode.c.h</string>
			<key>path</key>
			<string>JSONModelError.h</string>
			<key>sourceTree</key>
			<string>&lt;group&gt;</string>
		</dict>
		<key>02F2FDA11D4A30E3006D4C83</key>
		<dict>
			<key>fileEncoding</key>
			<string>4</string>
			<key>isa</key>
			<string>PBXFileReference</string>
			<key>lastKnownFileType</key>
			<string>sourcecode.c.objc</string>
			<key>path</key>
			<string>JSONModelError.m</string>
			<key>sourceTree</key>
			<string>&lt;group&gt;</string>
		</dict>
		<key>02F2FDA21D4A30E3006D4C83</key>
		<dict>
			<key>children</key>
			<array>
				<string>02F2FDA31D4A30E3006D4C83</string>
				<string>02F2FDA41D4A30E3006D4C83</string>
			</array>
			<key>isa</key>
			<string>PBXGroup</string>
			<key>path</key>
			<string>JSONModelCategories</string>
			<key>sourceTree</key>
			<string>&lt;group&gt;</string>
		</dict>
		<key>02F2FDA31D4A30E3006D4C83</key>
		<dict>
			<key>fileEncoding</key>
			<string>4</string>
			<key>isa</key>
			<string>PBXFileReference</string>
			<key>lastKnownFileType</key>
			<string>sourcecode.c.h</string>
			<key>path</key>
			<string>NSArray+JSONModel.h</string>
			<key>sourceTree</key>
			<string>&lt;group&gt;</string>
		</dict>
		<key>02F2FDA41D4A30E3006D4C83</key>
		<dict>
			<key>fileEncoding</key>
			<string>4</string>
			<key>isa</key>
			<string>PBXFileReference</string>
			<key>lastKnownFileType</key>
			<string>sourcecode.c.objc</string>
			<key>path</key>
			<string>NSArray+JSONModel.m</string>
			<key>sourceTree</key>
			<string>&lt;group&gt;</string>
		</dict>
		<key>02F2FDA51D4A30E3006D4C83</key>
		<dict>
			<key>fileEncoding</key>
			<string>4</string>
			<key>isa</key>
			<string>PBXFileReference</string>
			<key>lastKnownFileType</key>
			<string>sourcecode.c.h</string>
			<key>path</key>
			<string>JSONModelLib.h</string>
			<key>sourceTree</key>
			<string>&lt;group&gt;</string>
		</dict>
		<key>02F2FDA61D4A30E3006D4C83</key>
		<dict>
			<key>children</key>
			<array>
				<string>02F2FDA71D4A30E3006D4C83</string>
				<string>02F2FDA81D4A30E3006D4C83</string>
				<string>02F2FDA91D4A30E3006D4C83</string>
				<string>02F2FDAA1D4A30E3006D4C83</string>
				<string>02F2FDAB1D4A30E3006D4C83</string>
				<string>02F2FDAC1D4A30E3006D4C83</string>
			</array>
			<key>isa</key>
			<string>PBXGroup</string>
			<key>path</key>
			<string>JSONModelNetworking</string>
			<key>sourceTree</key>
			<string>&lt;group&gt;</string>
		</dict>
		<key>02F2FDA71D4A30E3006D4C83</key>
		<dict>
			<key>fileEncoding</key>
			<string>4</string>
			<key>isa</key>
			<string>PBXFileReference</string>
			<key>lastKnownFileType</key>
			<string>sourcecode.c.h</string>
			<key>path</key>
			<string>JSONAPI.h</string>
			<key>sourceTree</key>
			<string>&lt;group&gt;</string>
		</dict>
		<key>02F2FDA81D4A30E3006D4C83</key>
		<dict>
			<key>fileEncoding</key>
			<string>4</string>
			<key>isa</key>
			<string>PBXFileReference</string>
			<key>lastKnownFileType</key>
			<string>sourcecode.c.objc</string>
			<key>path</key>
			<string>JSONAPI.m</string>
			<key>sourceTree</key>
			<string>&lt;group&gt;</string>
		</dict>
		<key>02F2FDA91D4A30E3006D4C83</key>
		<dict>
			<key>fileEncoding</key>
			<string>4</string>
			<key>isa</key>
			<string>PBXFileReference</string>
			<key>lastKnownFileType</key>
			<string>sourcecode.c.h</string>
			<key>path</key>
			<string>JSONHTTPClient.h</string>
			<key>sourceTree</key>
			<string>&lt;group&gt;</string>
		</dict>
		<key>02F2FDAA1D4A30E3006D4C83</key>
		<dict>
			<key>fileEncoding</key>
			<string>4</string>
			<key>isa</key>
			<string>PBXFileReference</string>
			<key>lastKnownFileType</key>
			<string>sourcecode.c.objc</string>
			<key>path</key>
			<string>JSONHTTPClient.m</string>
			<key>sourceTree</key>
			<string>&lt;group&gt;</string>
		</dict>
		<key>02F2FDAB1D4A30E3006D4C83</key>
		<dict>
			<key>fileEncoding</key>
			<string>4</string>
			<key>isa</key>
			<string>PBXFileReference</string>
			<key>lastKnownFileType</key>
			<string>sourcecode.c.h</string>
			<key>path</key>
			<string>JSONModel+networking.h</string>
			<key>sourceTree</key>
			<string>&lt;group&gt;</string>
		</dict>
		<key>02F2FDAC1D4A30E3006D4C83</key>
		<dict>
			<key>fileEncoding</key>
			<string>4</string>
			<key>isa</key>
			<string>PBXFileReference</string>
			<key>lastKnownFileType</key>
			<string>sourcecode.c.objc</string>
			<key>path</key>
			<string>JSONModel+networking.m</string>
			<key>sourceTree</key>
			<string>&lt;group&gt;</string>
		</dict>
		<key>02F2FDAD1D4A30E3006D4C83</key>
		<dict>
			<key>children</key>
			<array>
				<string>02F2FDAE1D4A30E3006D4C83</string>
				<string>02F2FDAF1D4A30E3006D4C83</string>
				<string>02F2FDB01D4A30E3006D4C83</string>
				<string>02F2FDB11D4A30E3006D4C83</string>
			</array>
			<key>isa</key>
			<string>PBXGroup</string>
			<key>path</key>
			<string>JSONModelTransformations</string>
			<key>sourceTree</key>
			<string>&lt;group&gt;</string>
		</dict>
		<key>02F2FDAE1D4A30E3006D4C83</key>
		<dict>
			<key>fileEncoding</key>
			<string>4</string>
			<key>isa</key>
			<string>PBXFileReference</string>
			<key>lastKnownFileType</key>
			<string>sourcecode.c.h</string>
			<key>path</key>
			<string>JSONKeyMapper.h</string>
			<key>sourceTree</key>
			<string>&lt;group&gt;</string>
		</dict>
		<key>02F2FDAF1D4A30E3006D4C83</key>
		<dict>
			<key>fileEncoding</key>
			<string>4</string>
			<key>isa</key>
			<string>PBXFileReference</string>
			<key>lastKnownFileType</key>
			<string>sourcecode.c.objc</string>
			<key>path</key>
			<string>JSONKeyMapper.m</string>
			<key>sourceTree</key>
			<string>&lt;group&gt;</string>
		</dict>
		<key>02F2FDB01D4A30E3006D4C83</key>
		<dict>
			<key>fileEncoding</key>
			<string>4</string>
			<key>isa</key>
			<string>PBXFileReference</string>
			<key>lastKnownFileType</key>
			<string>sourcecode.c.h</string>
			<key>path</key>
			<string>JSONValueTransformer.h</string>
			<key>sourceTree</key>
			<string>&lt;group&gt;</string>
		</dict>
		<key>02F2FDB11D4A30E3006D4C83</key>
		<dict>
			<key>fileEncoding</key>
			<string>4</string>
			<key>isa</key>
			<string>PBXFileReference</string>
			<key>lastKnownFileType</key>
			<string>sourcecode.c.objc</string>
			<key>path</key>
			<string>JSONValueTransformer.m</string>
			<key>sourceTree</key>
			<string>&lt;group&gt;</string>
		</dict>
		<key>02F2FDB21D4A30E3006D4C83</key>
		<dict>
			<key>fileEncoding</key>
			<string>4</string>
			<key>isa</key>
			<string>PBXFileReference</string>
			<key>lastKnownFileType</key>
			<string>sourcecode.c.h</string>
			<key>path</key>
			<string>LoginRequest.h</string>
			<key>sourceTree</key>
			<string>&lt;group&gt;</string>
		</dict>
		<key>02F2FDB31D4A30E3006D4C83</key>
		<dict>
			<key>fileEncoding</key>
			<string>4</string>
			<key>isa</key>
			<string>PBXFileReference</string>
			<key>lastKnownFileType</key>
			<string>sourcecode.c.objc</string>
			<key>path</key>
			<string>LoginRequest.m</string>
			<key>sourceTree</key>
			<string>&lt;group&gt;</string>
		</dict>
		<key>02F2FDB41D4A30E3006D4C83</key>
		<dict>
			<key>fileEncoding</key>
			<string>4</string>
			<key>isa</key>
			<string>PBXFileReference</string>
			<key>lastKnownFileType</key>
			<string>sourcecode.c.h</string>
			<key>path</key>
			<string>LoginResponse.h</string>
			<key>sourceTree</key>
			<string>&lt;group&gt;</string>
		</dict>
		<key>02F2FDB51D4A30E3006D4C83</key>
		<dict>
			<key>fileEncoding</key>
			<string>4</string>
			<key>isa</key>
			<string>PBXFileReference</string>
			<key>lastKnownFileType</key>
			<string>sourcecode.c.objc</string>
			<key>path</key>
			<string>LoginResponse.m</string>
			<key>sourceTree</key>
			<string>&lt;group&gt;</string>
		</dict>
		<key>02F2FDB61D4A30E3006D4C83</key>
		<dict>
			<key>fileEncoding</key>
			<string>4</string>
			<key>isa</key>
			<string>PBXFileReference</string>
			<key>lastKnownFileType</key>
			<string>sourcecode.c.h</string>
			<key>path</key>
			<string>LogoutRequest.h</string>
			<key>sourceTree</key>
			<string>&lt;group&gt;</string>
		</dict>
		<key>02F2FDB71D4A30E3006D4C83</key>
		<dict>
			<key>fileEncoding</key>
			<string>4</string>
			<key>isa</key>
			<string>PBXFileReference</string>
			<key>lastKnownFileType</key>
			<string>sourcecode.c.objc</string>
			<key>path</key>
			<string>LogoutRequest.m</string>
			<key>sourceTree</key>
			<string>&lt;group&gt;</string>
		</dict>
		<key>02F2FDB81D4A30E3006D4C83</key>
		<dict>
			<key>fileEncoding</key>
			<string>4</string>
			<key>isa</key>
			<string>PBXFileReference</string>
			<key>lastKnownFileType</key>
			<string>sourcecode.c.h</string>
			<key>path</key>
			<string>LogoutResponse.h</string>
			<key>sourceTree</key>
			<string>&lt;group&gt;</string>
		</dict>
		<key>02F2FDB91D4A30E3006D4C83</key>
		<dict>
			<key>fileEncoding</key>
			<string>4</string>
			<key>isa</key>
			<string>PBXFileReference</string>
			<key>lastKnownFileType</key>
			<string>sourcecode.c.objc</string>
			<key>path</key>
			<string>LogoutResponse.m</string>
			<key>sourceTree</key>
			<string>&lt;group&gt;</string>
		</dict>
		<key>02F2FDBA1D4A30E3006D4C83</key>
		<dict>
			<key>children</key>
			<array>
				<string>02F2FDBB1D4A30E3006D4C83</string>
				<string>02F2FDBC1D4A30E3006D4C83</string>
				<string>02F2FDBD1D4A30E3006D4C83</string>
				<string>02F2FDBE1D4A30E3006D4C83</string>
				<string>02F2FDBF1D4A30E3006D4C83</string>
				<string>02F2FDC01D4A30E3006D4C83</string>
				<string>022F25B91D524858008AEBA1</string>
				<string>022F25BA1D524858008AEBA1</string>
				<string>022114301D56494300F44E88</string>
				<string>022114311D56494300F44E88</string>
			</array>
			<key>isa</key>
			<string>PBXGroup</string>
			<key>path</key>
			<string>Communicator</string>
			<key>sourceTree</key>
			<string>&lt;group&gt;</string>
		</dict>
		<key>02F2FDBB1D4A30E3006D4C83</key>
		<dict>
			<key>fileEncoding</key>
			<string>4</string>
			<key>isa</key>
			<string>PBXFileReference</string>
			<key>lastKnownFileType</key>
			<string>sourcecode.c.h</string>
			<key>path</key>
			<string>LoginCommunicator.h</string>
			<key>sourceTree</key>
			<string>&lt;group&gt;</string>
		</dict>
		<key>02F2FDBC1D4A30E3006D4C83</key>
		<dict>
			<key>fileEncoding</key>
			<string>4</string>
			<key>isa</key>
			<string>PBXFileReference</string>
			<key>lastKnownFileType</key>
			<string>sourcecode.c.objc</string>
			<key>path</key>
			<string>LoginCommunicator.m</string>
			<key>sourceTree</key>
			<string>&lt;group&gt;</string>
		</dict>
		<key>02F2FDBD1D4A30E3006D4C83</key>
		<dict>
			<key>fileEncoding</key>
			<string>4</string>
			<key>isa</key>
			<string>PBXFileReference</string>
			<key>lastKnownFileType</key>
			<string>sourcecode.c.h</string>
			<key>path</key>
			<string>LogoutCommunicator.h</string>
			<key>sourceTree</key>
			<string>&lt;group&gt;</string>
		</dict>
		<key>02F2FDBE1D4A30E3006D4C83</key>
		<dict>
			<key>fileEncoding</key>
			<string>4</string>
			<key>isa</key>
			<string>PBXFileReference</string>
			<key>lastKnownFileType</key>
			<string>sourcecode.c.objc</string>
			<key>path</key>
			<string>LogoutCommunicator.m</string>
			<key>sourceTree</key>
			<string>&lt;group&gt;</string>
		</dict>
		<key>02F2FDBF1D4A30E3006D4C83</key>
		<dict>
			<key>fileEncoding</key>
			<string>4</string>
			<key>isa</key>
			<string>PBXFileReference</string>
			<key>lastKnownFileType</key>
			<string>sourcecode.c.h</string>
			<key>path</key>
			<string>TenpossCommunicator.h</string>
			<key>sourceTree</key>
			<string>&lt;group&gt;</string>
		</dict>
		<key>02F2FDC01D4A30E3006D4C83</key>
		<dict>
			<key>fileEncoding</key>
			<string>4</string>
			<key>isa</key>
			<string>PBXFileReference</string>
			<key>lastKnownFileType</key>
			<string>sourcecode.c.objc</string>
			<key>path</key>
			<string>TenpossCommunicator.m</string>
			<key>sourceTree</key>
			<string>&lt;group&gt;</string>
		</dict>
		<key>02F2FDC11D4A30E3006D4C83</key>
		<dict>
			<key>fileRef</key>
			<string>02F2FD931D4A30E3006D4C83</string>
			<key>isa</key>
			<string>PBXBuildFile</string>
		</dict>
		<key>02F2FDC21D4A30E3006D4C83</key>
		<dict>
			<key>fileRef</key>
			<string>02F2FD951D4A30E3006D4C83</string>
			<key>isa</key>
			<string>PBXBuildFile</string>
		</dict>
		<key>02F2FDC31D4A30E3006D4C83</key>
		<dict>
			<key>fileRef</key>
			<string>02F2FD971D4A30E3006D4C83</string>
			<key>isa</key>
			<string>PBXBuildFile</string>
		</dict>
		<key>02F2FDC41D4A30E3006D4C83</key>
		<dict>
			<key>fileRef</key>
			<string>02F2FD9B1D4A30E3006D4C83</string>
			<key>isa</key>
			<string>PBXBuildFile</string>
		</dict>
		<key>02F2FDC51D4A30E3006D4C83</key>
		<dict>
			<key>fileRef</key>
			<string>02F2FD9D1D4A30E3006D4C83</string>
			<key>isa</key>
			<string>PBXBuildFile</string>
		</dict>
		<key>02F2FDC61D4A30E3006D4C83</key>
		<dict>
			<key>fileRef</key>
			<string>02F2FD9F1D4A30E3006D4C83</string>
			<key>isa</key>
			<string>PBXBuildFile</string>
		</dict>
		<key>02F2FDC71D4A30E3006D4C83</key>
		<dict>
			<key>fileRef</key>
			<string>02F2FDA11D4A30E3006D4C83</string>
			<key>isa</key>
			<string>PBXBuildFile</string>
		</dict>
		<key>02F2FDC81D4A30E3006D4C83</key>
		<dict>
			<key>fileRef</key>
			<string>02F2FDA41D4A30E3006D4C83</string>
			<key>isa</key>
			<string>PBXBuildFile</string>
		</dict>
		<key>02F2FDC91D4A30E3006D4C83</key>
		<dict>
			<key>fileRef</key>
			<string>02F2FDA81D4A30E3006D4C83</string>
			<key>isa</key>
			<string>PBXBuildFile</string>
		</dict>
		<key>02F2FDCA1D4A30E3006D4C83</key>
		<dict>
			<key>fileRef</key>
			<string>02F2FDAA1D4A30E3006D4C83</string>
			<key>isa</key>
			<string>PBXBuildFile</string>
		</dict>
		<key>02F2FDCB1D4A30E3006D4C83</key>
		<dict>
			<key>fileRef</key>
			<string>02F2FDAC1D4A30E3006D4C83</string>
			<key>isa</key>
			<string>PBXBuildFile</string>
		</dict>
		<key>02F2FDCC1D4A30E3006D4C83</key>
		<dict>
			<key>fileRef</key>
			<string>02F2FDAF1D4A30E3006D4C83</string>
			<key>isa</key>
			<string>PBXBuildFile</string>
		</dict>
		<key>02F2FDCD1D4A30E3006D4C83</key>
		<dict>
			<key>fileRef</key>
			<string>02F2FDB11D4A30E3006D4C83</string>
			<key>isa</key>
			<string>PBXBuildFile</string>
		</dict>
		<key>02F2FDCE1D4A30E3006D4C83</key>
		<dict>
			<key>fileRef</key>
			<string>02F2FDB31D4A30E3006D4C83</string>
			<key>isa</key>
			<string>PBXBuildFile</string>
		</dict>
		<key>02F2FDCF1D4A30E3006D4C83</key>
		<dict>
			<key>fileRef</key>
			<string>02F2FDB51D4A30E3006D4C83</string>
			<key>isa</key>
			<string>PBXBuildFile</string>
		</dict>
		<key>02F2FDD01D4A30E3006D4C83</key>
		<dict>
			<key>fileRef</key>
			<string>02F2FDB71D4A30E3006D4C83</string>
			<key>isa</key>
			<string>PBXBuildFile</string>
		</dict>
		<key>02F2FDD11D4A30E3006D4C83</key>
		<dict>
			<key>fileRef</key>
			<string>02F2FDB91D4A30E3006D4C83</string>
			<key>isa</key>
			<string>PBXBuildFile</string>
		</dict>
		<key>02F2FDD21D4A30E3006D4C83</key>
		<dict>
			<key>fileRef</key>
			<string>02F2FDBC1D4A30E3006D4C83</string>
			<key>isa</key>
			<string>PBXBuildFile</string>
		</dict>
		<key>02F2FDD31D4A30E3006D4C83</key>
		<dict>
			<key>fileRef</key>
			<string>02F2FDBE1D4A30E3006D4C83</string>
			<key>isa</key>
			<string>PBXBuildFile</string>
		</dict>
		<key>02F2FDD41D4A30E3006D4C83</key>
		<dict>
			<key>fileRef</key>
			<string>02F2FDC01D4A30E3006D4C83</string>
			<key>isa</key>
			<string>PBXBuildFile</string>
		</dict>
		<key>02F2FDD51D4A32B1006D4C83</key>
		<dict>
			<key>children</key>
			<array>
				<string>022F25E71D53595F008AEBA1</string>
				<string>022F25C61D52605E008AEBA1</string>
				<string>022F25BC1D525F81008AEBA1</string>
				<string>02F2FDD91D4AF71A006D4C83</string>
				<string>02F2FDD61D4A32CC006D4C83</string>
				<string>02F2FDD71D4A32CC006D4C83</string>
				<string>0221143B1D566DD700F44E88</string>
				<string>0221143C1D566DD700F44E88</string>
			</array>
			<key>isa</key>
			<string>PBXGroup</string>
			<key>path</key>
			<string>Utils</string>
			<key>sourceTree</key>
			<string>&lt;group&gt;</string>
		</dict>
		<key>02F2FDD61D4A32CC006D4C83</key>
		<dict>
			<key>fileEncoding</key>
			<string>4</string>
			<key>isa</key>
			<string>PBXFileReference</string>
			<key>lastKnownFileType</key>
			<string>sourcecode.c.h</string>
			<key>path</key>
			<string>Const.h</string>
			<key>sourceTree</key>
			<string>&lt;group&gt;</string>
		</dict>
		<key>02F2FDD71D4A32CC006D4C83</key>
		<dict>
			<key>fileEncoding</key>
			<string>4</string>
			<key>isa</key>
			<string>PBXFileReference</string>
			<key>lastKnownFileType</key>
			<string>sourcecode.c.objc</string>
			<key>path</key>
			<string>Const.m</string>
			<key>sourceTree</key>
			<string>&lt;group&gt;</string>
		</dict>
		<key>02F2FDD81D4A32CC006D4C83</key>
		<dict>
			<key>fileRef</key>
			<string>02F2FDD71D4A32CC006D4C83</string>
			<key>isa</key>
			<string>PBXBuildFile</string>
		</dict>
		<key>02F2FDD91D4AF71A006D4C83</key>
		<dict>
			<key>children</key>
			<array>
				<string>02F2FDDA1D4AF71A006D4C83</string>
				<string>02F2FDDB1D4AF71A006D4C83</string>
				<string>02F2FDDC1D4AF71A006D4C83</string>
				<string>02F2FDDD1D4AF71A006D4C83</string>
				<string>02F2FDDE1D4AF71A006D4C83</string>
			</array>
			<key>isa</key>
			<string>PBXGroup</string>
			<key>path</key>
			<string>ThemifyIcon</string>
			<key>sourceTree</key>
			<string>&lt;group&gt;</string>
		</dict>
		<key>02F2FDDA1D4AF71A006D4C83</key>
		<dict>
			<key>isa</key>
			<string>PBXFileReference</string>
			<key>lastKnownFileType</key>
			<string>file</string>
			<key>path</key>
			<string>themify.ttf</string>
			<key>sourceTree</key>
			<string>&lt;group&gt;</string>
		</dict>
		<key>02F2FDDB1D4AF71A006D4C83</key>
		<dict>
			<key>fileEncoding</key>
			<string>4</string>
			<key>isa</key>
			<string>PBXFileReference</string>
			<key>lastKnownFileType</key>
			<string>sourcecode.c.h</string>
			<key>path</key>
			<string>UIFont+Themify.h</string>
			<key>sourceTree</key>
			<string>&lt;group&gt;</string>
		</dict>
		<key>02F2FDDC1D4AF71A006D4C83</key>
		<dict>
			<key>fileEncoding</key>
			<string>4</string>
			<key>isa</key>
			<string>PBXFileReference</string>
			<key>lastKnownFileType</key>
			<string>sourcecode.c.objc</string>
			<key>path</key>
			<string>UIFont+Themify.m</string>
			<key>sourceTree</key>
			<string>&lt;group&gt;</string>
		</dict>
		<key>02F2FDDD1D4AF71A006D4C83</key>
		<dict>
			<key>fileEncoding</key>
			<string>4</string>
			<key>isa</key>
			<string>PBXFileReference</string>
			<key>lastKnownFileType</key>
			<string>sourcecode.c.h</string>
			<key>path</key>
			<string>UIImage+Font.h</string>
			<key>sourceTree</key>
			<string>&lt;group&gt;</string>
		</dict>
		<key>02F2FDDE1D4AF71A006D4C83</key>
		<dict>
			<key>fileEncoding</key>
			<string>4</string>
			<key>isa</key>
			<string>PBXFileReference</string>
			<key>lastKnownFileType</key>
			<string>sourcecode.c.objc</string>
			<key>path</key>
			<string>UIImage+Font.m</string>
			<key>sourceTree</key>
			<string>&lt;group&gt;</string>
		</dict>
		<key>02F2FDDF1D4AF71A006D4C83</key>
		<dict>
			<key>fileRef</key>
			<string>02F2FDDA1D4AF71A006D4C83</string>
			<key>isa</key>
			<string>PBXBuildFile</string>
		</dict>
		<key>02F2FDE01D4AF71A006D4C83</key>
		<dict>
			<key>fileRef</key>
			<string>02F2FDDC1D4AF71A006D4C83</string>
			<key>isa</key>
			<string>PBXBuildFile</string>
		</dict>
		<key>02F2FDE11D4AF71A006D4C83</key>
		<dict>
			<key>fileRef</key>
			<string>02F2FDDE1D4AF71A006D4C83</string>
			<key>isa</key>
			<string>PBXBuildFile</string>
		</dict>
		<key>02F2FDE21D4AF783006D4C83</key>
		<dict>
			<key>children</key>
			<array>
				<string>02F2FDE31D4AF79B006D4C83</string>
				<string>02F2FDE41D4AF79B006D4C83</string>
				<string>022F25B61D516E4D008AEBA1</string>
				<string>022F25B71D516E4D008AEBA1</string>
			</array>
			<key>isa</key>
			<string>PBXGroup</string>
			<key>path</key>
			<string>TopScreen</string>
			<key>sourceTree</key>
			<string>&lt;group&gt;</string>
		</dict>
		<key>02F2FDE31D4AF79B006D4C83</key>
		<dict>
			<key>fileEncoding</key>
			<string>4</string>
			<key>isa</key>
			<string>PBXFileReference</string>
			<key>lastKnownFileType</key>
			<string>sourcecode.c.h</string>
			<key>path</key>
			<string>TopScreenDataSource.h</string>
			<key>sourceTree</key>
			<string>&lt;group&gt;</string>
		</dict>
		<key>02F2FDE41D4AF79B006D4C83</key>
		<dict>
			<key>fileEncoding</key>
			<string>4</string>
			<key>isa</key>
			<string>PBXFileReference</string>
			<key>lastKnownFileType</key>
			<string>sourcecode.c.objc</string>
			<key>path</key>
			<string>TopScreenDataSource.m</string>
			<key>sourceTree</key>
			<string>&lt;group&gt;</string>
		</dict>
		<key>02F2FDE51D4AF79B006D4C83</key>
		<dict>
			<key>fileRef</key>
			<string>02F2FDE41D4AF79B006D4C83</string>
			<key>isa</key>
			<string>PBXBuildFile</string>
		</dict>
		<key>0FA06C536E7C29AC51B45AF6</key>
		<dict>
			<key>buildActionMask</key>
			<string>2147483647</string>
			<key>files</key>
			<array/>
			<key>inputPaths</key>
			<array/>
			<key>isa</key>
			<string>PBXShellScriptBuildPhase</string>
			<key>name</key>
			<string>Check Pods Manifest.lock</string>
			<key>outputPaths</key>
			<array/>
			<key>runOnlyForDeploymentPostprocessing</key>
			<string>0</string>
			<key>shellPath</key>
			<string>/bin/sh</string>
			<key>shellScript</key>
			<string>diff "${PODS_ROOT}/../Podfile.lock" "${PODS_ROOT}/Manifest.lock" &gt; /dev/null
if [[ $? != 0 ]] ; then
    cat &lt;&lt; EOM
error: The sandbox is not in sync with the Podfile.lock. Run 'pod install' or update your CocoaPods installation.
EOM
    exit 1
fi
</string>
			<key>showEnvVarsInLog</key>
			<string>0</string>
		</dict>
		<key>67B403B95D1163AE295E8740</key>
		<dict>
			<key>buildActionMask</key>
			<string>2147483647</string>
			<key>files</key>
			<array/>
			<key>inputPaths</key>
			<array/>
			<key>isa</key>
			<string>PBXShellScriptBuildPhase</string>
			<key>name</key>
			<string>Copy Pods Resources</string>
			<key>outputPaths</key>
			<array/>
			<key>runOnlyForDeploymentPostprocessing</key>
			<string>0</string>
			<key>shellPath</key>
			<string>/bin/sh</string>
			<key>shellScript</key>
			<string>"${SRCROOT}/Pods/Target Support Files/Pods/Pods-resources.sh"
</string>
			<key>showEnvVarsInLog</key>
			<string>0</string>
		</dict>
		<key>7636C41DA4BD773AD6F4609D</key>
		<dict>
			<key>includeInIndex</key>
			<string>1</string>
			<key>isa</key>
			<string>PBXFileReference</string>
			<key>lastKnownFileType</key>
			<string>text.xcconfig</string>
			<key>name</key>
			<string>Pods.release.xcconfig</string>
			<key>path</key>
			<string>Pods/Target Support Files/Pods/Pods.release.xcconfig</string>
			<key>sourceTree</key>
			<string>&lt;group&gt;</string>
		</dict>
		<key>BBDF945E86ABB892987CFDBC</key>
		<dict>
			<key>explicitFileType</key>
			<string>archive.ar</string>
			<key>includeInIndex</key>
			<string>0</string>
			<key>isa</key>
			<string>PBXFileReference</string>
			<key>path</key>
			<string>libPods.a</string>
			<key>sourceTree</key>
			<string>BUILT_PRODUCTS_DIR</string>
		</dict>
		<key>C4EC3422AF07D2D57066AA91</key>
		<dict>
			<key>includeInIndex</key>
			<string>1</string>
			<key>isa</key>
			<string>PBXFileReference</string>
			<key>lastKnownFileType</key>
			<string>text.xcconfig</string>
			<key>name</key>
			<string>Pods.debug.xcconfig</string>
			<key>path</key>
			<string>Pods/Target Support Files/Pods/Pods.debug.xcconfig</string>
			<key>sourceTree</key>
			<string>&lt;group&gt;</string>
		</dict>
		<key>D466DCE1F597277720C066CD</key>
		<dict>
			<key>fileRef</key>
			<string>BBDF945E86ABB892987CFDBC</string>
			<key>isa</key>
			<string>PBXBuildFile</string>
		</dict>
		<key>DDBBF87B10986CB3C480C09E</key>
		<dict>
			<key>children</key>
			<array>
				<string>C4EC3422AF07D2D57066AA91</string>
				<string>7636C41DA4BD773AD6F4609D</string>
			</array>
			<key>isa</key>
			<string>PBXGroup</string>
			<key>name</key>
			<string>Pods</string>
			<key>sourceTree</key>
			<string>&lt;group&gt;</string>
		</dict>
		<key>FA281DF0BAF1146BCCD67689</key>
		<dict>
			<key>children</key>
			<array>
				<string>BBDF945E86ABB892987CFDBC</string>
			</array>
			<key>isa</key>
			<string>PBXGroup</string>
			<key>name</key>
			<string>Frameworks</string>
			<key>sourceTree</key>
			<string>&lt;group&gt;</string>
		</dict>
	</dict>
	<key>rootObject</key>
	<string>02DAF39A1D47CAA70068BB71</string>
</dict>
</plist>
