// !$*UTF8*$!
{
	archiveVersion = 1;
	classes = {
	};
	objectVersion = 46;
	objects = {

/* Begin PBXBuildFile section */
		022F25B51D50B4C0008AEBA1 /* DataModel.m in Sources */ = {isa = PBXBuildFile; fileRef = 022F25B41D50B4C0008AEBA1 /* DataModel.m */; };
		022F25B81D516E4D008AEBA1 /* TopScreen.m in Sources */ = {isa = PBXBuildFile; fileRef = 022F25B71D516E4D008AEBA1 /* TopScreen.m */; };
		022F25BB1D524858008AEBA1 /* AppInfoCommunicator.m in Sources */ = {isa = PBXBuildFile; fileRef = 022F25BA1D524858008AEBA1 /* AppInfoCommunicator.m */; };
		022F25C21D525F81008AEBA1 /* MFSideMenuContainerViewController.m in Sources */ = {isa = PBXBuildFile; fileRef = 022F25BF1D525F81008AEBA1 /* MFSideMenuContainerViewController.m */; };
		022F25C31D525F81008AEBA1 /* MFSideMenuShadow.m in Sources */ = {isa = PBXBuildFile; fileRef = 022F25C11D525F81008AEBA1 /* MFSideMenuShadow.m */; };
		022F25C51D525FFD008AEBA1 /* QuartzCore.framework in Frameworks */ = {isa = PBXBuildFile; fileRef = 022F25C41D525FFD008AEBA1 /* QuartzCore.framework */; };
		022F25C91D52605E008AEBA1 /* HexColors.m in Sources */ = {isa = PBXBuildFile; fileRef = 022F25C81D52605E008AEBA1 /* HexColors.m */; };
		022F25CC1D52617D008AEBA1 /* MainNavigationController.m in Sources */ = {isa = PBXBuildFile; fileRef = 022F25CB1D52617D008AEBA1 /* MainNavigationController.m */; };
		022F25D01D52B20A008AEBA1 /* SideMenuTableViewController.m in Sources */ = {isa = PBXBuildFile; fileRef = 022F25CF1D52B20A008AEBA1 /* SideMenuTableViewController.m */; };
		022F25D41D52B78C008AEBA1 /* SplashScreen.m in Sources */ = {isa = PBXBuildFile; fileRef = 022F25D31D52B78C008AEBA1 /* SplashScreen.m */; };
		022F25D71D52BD28008AEBA1 /* UIViewController+MFSideMenuAdditions.m in Sources */ = {isa = PBXBuildFile; fileRef = 022F25D61D52BD28008AEBA1 /* UIViewController+MFSideMenuAdditions.m */; };
		022F25DB1D52C7D3008AEBA1 /* Top_Header.m in Sources */ = {isa = PBXBuildFile; fileRef = 022F25D91D52C7D3008AEBA1 /* Top_Header.m */; };
		022F25DC1D52C7D3008AEBA1 /* Top_Header.xib in Resources */ = {isa = PBXBuildFile; fileRef = 022F25DA1D52C7D3008AEBA1 /* Top_Header.xib */; };
		022F25E01D52C8DA008AEBA1 /* Top_Footer.m in Sources */ = {isa = PBXBuildFile; fileRef = 022F25DE1D52C8DA008AEBA1 /* Top_Footer.m */; };
		022F25E11D52C8DA008AEBA1 /* Top_Footer.xib in Resources */ = {isa = PBXBuildFile; fileRef = 022F25DF1D52C8DA008AEBA1 /* Top_Footer.xib */; };
		02CD65931D47CD130015661D /* MenuItem_User.m in Sources */ = {isa = PBXBuildFile; fileRef = 02CD65911D47CD130015661D /* MenuItem_User.m */; };
		02CD65941D47CD130015661D /* MenuItem_User.xib in Resources */ = {isa = PBXBuildFile; fileRef = 02CD65921D47CD130015661D /* MenuItem_User.xib */; };
		02CD65991D47CDF50015661D /* AppConfiguration.m in Sources */ = {isa = PBXBuildFile; fileRef = 02CD65981D47CDF50015661D /* AppConfiguration.m */; };
		02CD659D1D47D4240015661D /* MenuItem_Common.m in Sources */ = {isa = PBXBuildFile; fileRef = 02CD659B1D47D4240015661D /* MenuItem_Common.m */; };
		02CD659E1D47D4240015661D /* MenuItem_Common.xib in Resources */ = {isa = PBXBuildFile; fileRef = 02CD659C1D47D4240015661D /* MenuItem_Common.xib */; };
		02CD65A21D47D6C50015661D /* Item_Cell_Product.m in Sources */ = {isa = PBXBuildFile; fileRef = 02CD65A01D47D6C50015661D /* Item_Cell_Product.m */; };
		02CD65A31D47D6C50015661D /* Item_Cell_Product.xib in Resources */ = {isa = PBXBuildFile; fileRef = 02CD65A11D47D6C50015661D /* Item_Cell_Product.xib */; };
		02CD65A71D47D8EB0015661D /* Item_Cell_Photo.m in Sources */ = {isa = PBXBuildFile; fileRef = 02CD65A51D47D8EB0015661D /* Item_Cell_Photo.m */; };
		02CD65A81D47D8EB0015661D /* Item_Cell_Photo.xib in Resources */ = {isa = PBXBuildFile; fileRef = 02CD65A61D47D8EB0015661D /* Item_Cell_Photo.xib */; };
		02CD65AC1D47D9AC0015661D /* Item_Cell_News.m in Sources */ = {isa = PBXBuildFile; fileRef = 02CD65AA1D47D9AC0015661D /* Item_Cell_News.m */; };
		02CD65AD1D47D9AC0015661D /* Item_Cell_News.xib in Resources */ = {isa = PBXBuildFile; fileRef = 02CD65AB1D47D9AC0015661D /* Item_Cell_News.xib */; };
		02CD65B11D47E7DB0015661D /* Item_Cell_ShopInfo.m in Sources */ = {isa = PBXBuildFile; fileRef = 02CD65AF1D47E7DB0015661D /* Item_Cell_ShopInfo.m */; };
		02CD65B21D47E7DB0015661D /* Item_Cell_ShopInfo.xib in Resources */ = {isa = PBXBuildFile; fileRef = 02CD65B01D47E7DB0015661D /* Item_Cell_ShopInfo.xib */; };
		02DAF3A71D47CAA70068BB71 /* main.m in Sources */ = {isa = PBXBuildFile; fileRef = 02DAF3A61D47CAA70068BB71 /* main.m */; };
		02DAF3AA1D47CAA70068BB71 /* AppDelegate.m in Sources */ = {isa = PBXBuildFile; fileRef = 02DAF3A91D47CAA70068BB71 /* AppDelegate.m */; };
		02DAF3B01D47CAA70068BB71 /* Main.storyboard in Resources */ = {isa = PBXBuildFile; fileRef = 02DAF3AE1D47CAA70068BB71 /* Main.storyboard */; };
		02DAF3B21D47CAA70068BB71 /* Assets.xcassets in Resources */ = {isa = PBXBuildFile; fileRef = 02DAF3B11D47CAA70068BB71 /* Assets.xcassets */; };
		02DAF3B51D47CAA70068BB71 /* LaunchScreen.storyboard in Resources */ = {isa = PBXBuildFile; fileRef = 02DAF3B31D47CAA70068BB71 /* LaunchScreen.storyboard */; };
		02DAF3C01D47CAA70068BB71 /* TenpossTests.m in Sources */ = {isa = PBXBuildFile; fileRef = 02DAF3BF1D47CAA70068BB71 /* TenpossTests.m */; };
		02DAF3CB1D47CAA70068BB71 /* TenpossUITests.m in Sources */ = {isa = PBXBuildFile; fileRef = 02DAF3CA1D47CAA70068BB71 /* TenpossUITests.m */; };
		02F2FDC11D4A30E3006D4C83 /* Bundle.m in Sources */ = {isa = PBXBuildFile; fileRef = 02F2FD931D4A30E3006D4C83 /* Bundle.m */; };
		02F2FDC21D4A30E3006D4C83 /* CommonRequest.m in Sources */ = {isa = PBXBuildFile; fileRef = 02F2FD951D4A30E3006D4C83 /* CommonRequest.m */; };
		02F2FDC31D4A30E3006D4C83 /* CommonResponse.m in Sources */ = {isa = PBXBuildFile; fileRef = 02F2FD971D4A30E3006D4C83 /* CommonResponse.m */; };
		02F2FDC41D4A30E3006D4C83 /* JSONModel.m in Sources */ = {isa = PBXBuildFile; fileRef = 02F2FD9B1D4A30E3006D4C83 /* JSONModel.m */; };
		02F2FDC51D4A30E3006D4C83 /* JSONModelArray.m in Sources */ = {isa = PBXBuildFile; fileRef = 02F2FD9D1D4A30E3006D4C83 /* JSONModelArray.m */; };
		02F2FDC61D4A30E3006D4C83 /* JSONModelClassProperty.m in Sources */ = {isa = PBXBuildFile; fileRef = 02F2FD9F1D4A30E3006D4C83 /* JSONModelClassProperty.m */; };
		02F2FDC71D4A30E3006D4C83 /* JSONModelError.m in Sources */ = {isa = PBXBuildFile; fileRef = 02F2FDA11D4A30E3006D4C83 /* JSONModelError.m */; };
		02F2FDC81D4A30E3006D4C83 /* NSArray+JSONModel.m in Sources */ = {isa = PBXBuildFile; fileRef = 02F2FDA41D4A30E3006D4C83 /* NSArray+JSONModel.m */; };
		02F2FDC91D4A30E3006D4C83 /* JSONAPI.m in Sources */ = {isa = PBXBuildFile; fileRef = 02F2FDA81D4A30E3006D4C83 /* JSONAPI.m */; };
		02F2FDCA1D4A30E3006D4C83 /* JSONHTTPClient.m in Sources */ = {isa = PBXBuildFile; fileRef = 02F2FDAA1D4A30E3006D4C83 /* JSONHTTPClient.m */; };
		02F2FDCB1D4A30E3006D4C83 /* JSONModel+networking.m in Sources */ = {isa = PBXBuildFile; fileRef = 02F2FDAC1D4A30E3006D4C83 /* JSONModel+networking.m */; };
		02F2FDCC1D4A30E3006D4C83 /* JSONKeyMapper.m in Sources */ = {isa = PBXBuildFile; fileRef = 02F2FDAF1D4A30E3006D4C83 /* JSONKeyMapper.m */; };
		02F2FDCD1D4A30E3006D4C83 /* JSONValueTransformer.m in Sources */ = {isa = PBXBuildFile; fileRef = 02F2FDB11D4A30E3006D4C83 /* JSONValueTransformer.m */; };
		02F2FDCE1D4A30E3006D4C83 /* LoginRequest.m in Sources */ = {isa = PBXBuildFile; fileRef = 02F2FDB31D4A30E3006D4C83 /* LoginRequest.m */; };
		02F2FDCF1D4A30E3006D4C83 /* LoginResponse.m in Sources */ = {isa = PBXBuildFile; fileRef = 02F2FDB51D4A30E3006D4C83 /* LoginResponse.m */; };
		02F2FDD01D4A30E3006D4C83 /* LogoutRequest.m in Sources */ = {isa = PBXBuildFile; fileRef = 02F2FDB71D4A30E3006D4C83 /* LogoutRequest.m */; };
		02F2FDD11D4A30E3006D4C83 /* LogoutResponse.m in Sources */ = {isa = PBXBuildFile; fileRef = 02F2FDB91D4A30E3006D4C83 /* LogoutResponse.m */; };
		02F2FDD21D4A30E3006D4C83 /* LoginCommunicator.m in Sources */ = {isa = PBXBuildFile; fileRef = 02F2FDBC1D4A30E3006D4C83 /* LoginCommunicator.m */; };
		02F2FDD31D4A30E3006D4C83 /* LogoutCommunicator.m in Sources */ = {isa = PBXBuildFile; fileRef = 02F2FDBE1D4A30E3006D4C83 /* LogoutCommunicator.m */; };
		02F2FDD41D4A30E3006D4C83 /* TenpossCommunicator.m in Sources */ = {isa = PBXBuildFile; fileRef = 02F2FDC01D4A30E3006D4C83 /* TenpossCommunicator.m */; };
		02F2FDD81D4A32CC006D4C83 /* Const.m in Sources */ = {isa = PBXBuildFile; fileRef = 02F2FDD71D4A32CC006D4C83 /* Const.m */; };
		02F2FDDF1D4AF71A006D4C83 /* themify.ttf in Resources */ = {isa = PBXBuildFile; fileRef = 02F2FDDA1D4AF71A006D4C83 /* themify.ttf */; };
		02F2FDE01D4AF71A006D4C83 /* UIFont+Themify.m in Sources */ = {isa = PBXBuildFile; fileRef = 02F2FDDC1D4AF71A006D4C83 /* UIFont+Themify.m */; };
		02F2FDE11D4AF71A006D4C83 /* UIImage+Font.m in Sources */ = {isa = PBXBuildFile; fileRef = 02F2FDDE1D4AF71A006D4C83 /* UIImage+Font.m */; };
		02F2FDE51D4AF79B006D4C83 /* TopScreenDataSource.m in Sources */ = {isa = PBXBuildFile; fileRef = 02F2FDE41D4AF79B006D4C83 /* TopScreenDataSource.m */; };
/* End PBXBuildFile section */

/* Begin PBXContainerItemProxy section */
		02DAF3BC1D47CAA70068BB71 /* PBXContainerItemProxy */ = {
			isa = PBXContainerItemProxy;
			containerPortal = 02DAF39A1D47CAA70068BB71 /* Project object */;
			proxyType = 1;
			remoteGlobalIDString = 02DAF3A11D47CAA70068BB71;
			remoteInfo = Tenposs;
		};
		02DAF3C71D47CAA70068BB71 /* PBXContainerItemProxy */ = {
			isa = PBXContainerItemProxy;
			containerPortal = 02DAF39A1D47CAA70068BB71 /* Project object */;
			proxyType = 1;
			remoteGlobalIDString = 02DAF3A11D47CAA70068BB71;
			remoteInfo = Tenposs;
		};
/* End PBXContainerItemProxy section */

/* Begin PBXFileReference section */
		022F25B31D50B4C0008AEBA1 /* DataModel.h */ = {isa = PBXFileReference; fileEncoding = 4; lastKnownFileType = sourcecode.c.h; path = DataModel.h; sourceTree = "<group>"; };
		022F25B41D50B4C0008AEBA1 /* DataModel.m */ = {isa = PBXFileReference; fileEncoding = 4; lastKnownFileType = sourcecode.c.objc; path = DataModel.m; sourceTree = "<group>"; };
		022F25B61D516E4D008AEBA1 /* TopScreen.h */ = {isa = PBXFileReference; fileEncoding = 4; lastKnownFileType = sourcecode.c.h; path = TopScreen.h; sourceTree = "<group>"; };
		022F25B71D516E4D008AEBA1 /* TopScreen.m */ = {isa = PBXFileReference; fileEncoding = 4; lastKnownFileType = sourcecode.c.objc; path = TopScreen.m; sourceTree = "<group>"; };
		022F25B91D524858008AEBA1 /* AppInfoCommunicator.h */ = {isa = PBXFileReference; fileEncoding = 4; lastKnownFileType = sourcecode.c.h; path = AppInfoCommunicator.h; sourceTree = "<group>"; };
		022F25BA1D524858008AEBA1 /* AppInfoCommunicator.m */ = {isa = PBXFileReference; fileEncoding = 4; lastKnownFileType = sourcecode.c.objc; path = AppInfoCommunicator.m; sourceTree = "<group>"; };
		022F25BD1D525F81008AEBA1 /* MFSideMenu.h */ = {isa = PBXFileReference; fileEncoding = 4; lastKnownFileType = sourcecode.c.h; path = MFSideMenu.h; sourceTree = "<group>"; };
		022F25BE1D525F81008AEBA1 /* MFSideMenuContainerViewController.h */ = {isa = PBXFileReference; fileEncoding = 4; lastKnownFileType = sourcecode.c.h; path = MFSideMenuContainerViewController.h; sourceTree = "<group>"; };
		022F25BF1D525F81008AEBA1 /* MFSideMenuContainerViewController.m */ = {isa = PBXFileReference; fileEncoding = 4; lastKnownFileType = sourcecode.c.objc; path = MFSideMenuContainerViewController.m; sourceTree = "<group>"; };
		022F25C01D525F81008AEBA1 /* MFSideMenuShadow.h */ = {isa = PBXFileReference; fileEncoding = 4; lastKnownFileType = sourcecode.c.h; path = MFSideMenuShadow.h; sourceTree = "<group>"; };
		022F25C11D525F81008AEBA1 /* MFSideMenuShadow.m */ = {isa = PBXFileReference; fileEncoding = 4; lastKnownFileType = sourcecode.c.objc; path = MFSideMenuShadow.m; sourceTree = "<group>"; };
		022F25C41D525FFD008AEBA1 /* QuartzCore.framework */ = {isa = PBXFileReference; lastKnownFileType = wrapper.framework; name = QuartzCore.framework; path = System/Library/Frameworks/QuartzCore.framework; sourceTree = SDKROOT; };
		022F25C71D52605E008AEBA1 /* HexColors.h */ = {isa = PBXFileReference; fileEncoding = 4; lastKnownFileType = sourcecode.c.h; path = HexColors.h; sourceTree = "<group>"; };
		022F25C81D52605E008AEBA1 /* HexColors.m */ = {isa = PBXFileReference; fileEncoding = 4; lastKnownFileType = sourcecode.c.objc; path = HexColors.m; sourceTree = "<group>"; };
		022F25CA1D52617D008AEBA1 /* MainNavigationController.h */ = {isa = PBXFileReference; fileEncoding = 4; lastKnownFileType = sourcecode.c.h; path = MainNavigationController.h; sourceTree = "<group>"; };
		022F25CB1D52617D008AEBA1 /* MainNavigationController.m */ = {isa = PBXFileReference; fileEncoding = 4; lastKnownFileType = sourcecode.c.objc; path = MainNavigationController.m; sourceTree = "<group>"; };
		022F25CE1D52B20A008AEBA1 /* SideMenuTableViewController.h */ = {isa = PBXFileReference; fileEncoding = 4; lastKnownFileType = sourcecode.c.h; path = SideMenuTableViewController.h; sourceTree = "<group>"; };
		022F25CF1D52B20A008AEBA1 /* SideMenuTableViewController.m */ = {isa = PBXFileReference; fileEncoding = 4; lastKnownFileType = sourcecode.c.objc; path = SideMenuTableViewController.m; sourceTree = "<group>"; };
		022F25D21D52B78C008AEBA1 /* SplashScreen.h */ = {isa = PBXFileReference; fileEncoding = 4; lastKnownFileType = sourcecode.c.h; path = SplashScreen.h; sourceTree = "<group>"; };
		022F25D31D52B78C008AEBA1 /* SplashScreen.m */ = {isa = PBXFileReference; fileEncoding = 4; lastKnownFileType = sourcecode.c.objc; path = SplashScreen.m; sourceTree = "<group>"; };
		022F25D51D52BD28008AEBA1 /* UIViewController+MFSideMenuAdditions.h */ = {isa = PBXFileReference; fileEncoding = 4; lastKnownFileType = sourcecode.c.h; path = "UIViewController+MFSideMenuAdditions.h"; sourceTree = "<group>"; };
		022F25D61D52BD28008AEBA1 /* UIViewController+MFSideMenuAdditions.m */ = {isa = PBXFileReference; fileEncoding = 4; lastKnownFileType = sourcecode.c.objc; path = "UIViewController+MFSideMenuAdditions.m"; sourceTree = "<group>"; };
		022F25D81D52C7D3008AEBA1 /* Top_Header.h */ = {isa = PBXFileReference; fileEncoding = 4; lastKnownFileType = sourcecode.c.h; path = Top_Header.h; sourceTree = "<group>"; };
		022F25D91D52C7D3008AEBA1 /* Top_Header.m */ = {isa = PBXFileReference; fileEncoding = 4; lastKnownFileType = sourcecode.c.objc; path = Top_Header.m; sourceTree = "<group>"; };
		022F25DA1D52C7D3008AEBA1 /* Top_Header.xib */ = {isa = PBXFileReference; fileEncoding = 4; lastKnownFileType = file.xib; path = Top_Header.xib; sourceTree = "<group>"; };
		022F25DD1D52C8DA008AEBA1 /* Top_Footer.h */ = {isa = PBXFileReference; fileEncoding = 4; lastKnownFileType = sourcecode.c.h; path = Top_Footer.h; sourceTree = "<group>"; };
		022F25DE1D52C8DA008AEBA1 /* Top_Footer.m */ = {isa = PBXFileReference; fileEncoding = 4; lastKnownFileType = sourcecode.c.objc; path = Top_Footer.m; sourceTree = "<group>"; };
		022F25DF1D52C8DA008AEBA1 /* Top_Footer.xib */ = {isa = PBXFileReference; fileEncoding = 4; lastKnownFileType = file.xib; path = Top_Footer.xib; sourceTree = "<group>"; };
		02CD65901D47CD130015661D /* MenuItem_User.h */ = {isa = PBXFileReference; fileEncoding = 4; lastKnownFileType = sourcecode.c.h; path = MenuItem_User.h; sourceTree = "<group>"; };
		02CD65911D47CD130015661D /* MenuItem_User.m */ = {isa = PBXFileReference; fileEncoding = 4; lastKnownFileType = sourcecode.c.objc; path = MenuItem_User.m; sourceTree = "<group>"; };
		02CD65921D47CD130015661D /* MenuItem_User.xib */ = {isa = PBXFileReference; fileEncoding = 4; lastKnownFileType = file.xib; path = MenuItem_User.xib; sourceTree = "<group>"; };
		02CD65971D47CDF50015661D /* AppConfiguration.h */ = {isa = PBXFileReference; fileEncoding = 4; lastKnownFileType = sourcecode.c.h; path = AppConfiguration.h; sourceTree = "<group>"; };
		02CD65981D47CDF50015661D /* AppConfiguration.m */ = {isa = PBXFileReference; fileEncoding = 4; lastKnownFileType = sourcecode.c.objc; path = AppConfiguration.m; sourceTree = "<group>"; };
		02CD659A1D47D4240015661D /* MenuItem_Common.h */ = {isa = PBXFileReference; fileEncoding = 4; lastKnownFileType = sourcecode.c.h; path = MenuItem_Common.h; sourceTree = "<group>"; };
		02CD659B1D47D4240015661D /* MenuItem_Common.m */ = {isa = PBXFileReference; fileEncoding = 4; lastKnownFileType = sourcecode.c.objc; path = MenuItem_Common.m; sourceTree = "<group>"; };
		02CD659C1D47D4240015661D /* MenuItem_Common.xib */ = {isa = PBXFileReference; fileEncoding = 4; lastKnownFileType = file.xib; path = MenuItem_Common.xib; sourceTree = "<group>"; };
		02CD659F1D47D6C50015661D /* Item_Cell_Product.h */ = {isa = PBXFileReference; fileEncoding = 4; lastKnownFileType = sourcecode.c.h; path = Item_Cell_Product.h; sourceTree = "<group>"; };
		02CD65A01D47D6C50015661D /* Item_Cell_Product.m */ = {isa = PBXFileReference; fileEncoding = 4; lastKnownFileType = sourcecode.c.objc; path = Item_Cell_Product.m; sourceTree = "<group>"; };
		02CD65A11D47D6C50015661D /* Item_Cell_Product.xib */ = {isa = PBXFileReference; fileEncoding = 4; lastKnownFileType = file.xib; path = Item_Cell_Product.xib; sourceTree = "<group>"; };
		02CD65A41D47D8EB0015661D /* Item_Cell_Photo.h */ = {isa = PBXFileReference; fileEncoding = 4; lastKnownFileType = sourcecode.c.h; path = Item_Cell_Photo.h; sourceTree = "<group>"; };
		02CD65A51D47D8EB0015661D /* Item_Cell_Photo.m */ = {isa = PBXFileReference; fileEncoding = 4; lastKnownFileType = sourcecode.c.objc; path = Item_Cell_Photo.m; sourceTree = "<group>"; };
		02CD65A61D47D8EB0015661D /* Item_Cell_Photo.xib */ = {isa = PBXFileReference; fileEncoding = 4; lastKnownFileType = file.xib; path = Item_Cell_Photo.xib; sourceTree = "<group>"; };
		02CD65A91D47D9AC0015661D /* Item_Cell_News.h */ = {isa = PBXFileReference; fileEncoding = 4; lastKnownFileType = sourcecode.c.h; path = Item_Cell_News.h; sourceTree = "<group>"; };
		02CD65AA1D47D9AC0015661D /* Item_Cell_News.m */ = {isa = PBXFileReference; fileEncoding = 4; lastKnownFileType = sourcecode.c.objc; path = Item_Cell_News.m; sourceTree = "<group>"; };
		02CD65AB1D47D9AC0015661D /* Item_Cell_News.xib */ = {isa = PBXFileReference; fileEncoding = 4; lastKnownFileType = file.xib; path = Item_Cell_News.xib; sourceTree = "<group>"; };
		02CD65AE1D47E7DB0015661D /* Item_Cell_ShopInfo.h */ = {isa = PBXFileReference; fileEncoding = 4; lastKnownFileType = sourcecode.c.h; path = Item_Cell_ShopInfo.h; sourceTree = "<group>"; };
		02CD65AF1D47E7DB0015661D /* Item_Cell_ShopInfo.m */ = {isa = PBXFileReference; fileEncoding = 4; lastKnownFileType = sourcecode.c.objc; path = Item_Cell_ShopInfo.m; sourceTree = "<group>"; };
		02CD65B01D47E7DB0015661D /* Item_Cell_ShopInfo.xib */ = {isa = PBXFileReference; fileEncoding = 4; lastKnownFileType = file.xib; path = Item_Cell_ShopInfo.xib; sourceTree = "<group>"; };
		02DAF3A21D47CAA70068BB71 /* Tenposs.app */ = {isa = PBXFileReference; explicitFileType = wrapper.application; includeInIndex = 0; path = Tenposs.app; sourceTree = BUILT_PRODUCTS_DIR; };
		02DAF3A61D47CAA70068BB71 /* main.m */ = {isa = PBXFileReference; lastKnownFileType = sourcecode.c.objc; path = main.m; sourceTree = "<group>"; };
		02DAF3A81D47CAA70068BB71 /* AppDelegate.h */ = {isa = PBXFileReference; lastKnownFileType = sourcecode.c.h; path = AppDelegate.h; sourceTree = "<group>"; };
		02DAF3A91D47CAA70068BB71 /* AppDelegate.m */ = {isa = PBXFileReference; lastKnownFileType = sourcecode.c.objc; path = AppDelegate.m; sourceTree = "<group>"; };
		02DAF3AF1D47CAA70068BB71 /* Base */ = {isa = PBXFileReference; lastKnownFileType = file.storyboard; name = Base; path = Base.lproj/Main.storyboard; sourceTree = "<group>"; };
		02DAF3B11D47CAA70068BB71 /* Assets.xcassets */ = {isa = PBXFileReference; lastKnownFileType = folder.assetcatalog; path = Assets.xcassets; sourceTree = "<group>"; };
		02DAF3B41D47CAA70068BB71 /* Base */ = {isa = PBXFileReference; lastKnownFileType = file.storyboard; name = Base; path = Base.lproj/LaunchScreen.storyboard; sourceTree = "<group>"; };
		02DAF3B61D47CAA70068BB71 /* Info.plist */ = {isa = PBXFileReference; lastKnownFileType = text.plist.xml; path = Info.plist; sourceTree = "<group>"; };
		02DAF3BB1D47CAA70068BB71 /* TenpossTests.xctest */ = {isa = PBXFileReference; explicitFileType = wrapper.cfbundle; includeInIndex = 0; path = TenpossTests.xctest; sourceTree = BUILT_PRODUCTS_DIR; };
		02DAF3BF1D47CAA70068BB71 /* TenpossTests.m */ = {isa = PBXFileReference; lastKnownFileType = sourcecode.c.objc; path = TenpossTests.m; sourceTree = "<group>"; };
		02DAF3C11D47CAA70068BB71 /* Info.plist */ = {isa = PBXFileReference; lastKnownFileType = text.plist.xml; path = Info.plist; sourceTree = "<group>"; };
		02DAF3C61D47CAA70068BB71 /* TenpossUITests.xctest */ = {isa = PBXFileReference; explicitFileType = wrapper.cfbundle; includeInIndex = 0; path = TenpossUITests.xctest; sourceTree = BUILT_PRODUCTS_DIR; };
		02DAF3CA1D47CAA70068BB71 /* TenpossUITests.m */ = {isa = PBXFileReference; lastKnownFileType = sourcecode.c.objc; path = TenpossUITests.m; sourceTree = "<group>"; };
		02DAF3CC1D47CAA70068BB71 /* Info.plist */ = {isa = PBXFileReference; lastKnownFileType = text.plist.xml; path = Info.plist; sourceTree = "<group>"; };
		02F2FD921D4A30E3006D4C83 /* Bundle.h */ = {isa = PBXFileReference; fileEncoding = 4; lastKnownFileType = sourcecode.c.h; path = Bundle.h; sourceTree = "<group>"; };
		02F2FD931D4A30E3006D4C83 /* Bundle.m */ = {isa = PBXFileReference; fileEncoding = 4; lastKnownFileType = sourcecode.c.objc; path = Bundle.m; sourceTree = "<group>"; };
		02F2FD941D4A30E3006D4C83 /* CommonRequest.h */ = {isa = PBXFileReference; fileEncoding = 4; lastKnownFileType = sourcecode.c.h; path = CommonRequest.h; sourceTree = "<group>"; };
		02F2FD951D4A30E3006D4C83 /* CommonRequest.m */ = {isa = PBXFileReference; fileEncoding = 4; lastKnownFileType = sourcecode.c.objc; path = CommonRequest.m; sourceTree = "<group>"; };
		02F2FD961D4A30E3006D4C83 /* CommonResponse.h */ = {isa = PBXFileReference; fileEncoding = 4; lastKnownFileType = sourcecode.c.h; path = CommonResponse.h; sourceTree = "<group>"; };
		02F2FD971D4A30E3006D4C83 /* CommonResponse.m */ = {isa = PBXFileReference; fileEncoding = 4; lastKnownFileType = sourcecode.c.objc; path = CommonResponse.m; sourceTree = "<group>"; };
		02F2FD9A1D4A30E3006D4C83 /* JSONModel.h */ = {isa = PBXFileReference; fileEncoding = 4; lastKnownFileType = sourcecode.c.h; path = JSONModel.h; sourceTree = "<group>"; };
		02F2FD9B1D4A30E3006D4C83 /* JSONModel.m */ = {isa = PBXFileReference; fileEncoding = 4; lastKnownFileType = sourcecode.c.objc; path = JSONModel.m; sourceTree = "<group>"; };
		02F2FD9C1D4A30E3006D4C83 /* JSONModelArray.h */ = {isa = PBXFileReference; fileEncoding = 4; lastKnownFileType = sourcecode.c.h; path = JSONModelArray.h; sourceTree = "<group>"; };
		02F2FD9D1D4A30E3006D4C83 /* JSONModelArray.m */ = {isa = PBXFileReference; fileEncoding = 4; lastKnownFileType = sourcecode.c.objc; path = JSONModelArray.m; sourceTree = "<group>"; };
		02F2FD9E1D4A30E3006D4C83 /* JSONModelClassProperty.h */ = {isa = PBXFileReference; fileEncoding = 4; lastKnownFileType = sourcecode.c.h; path = JSONModelClassProperty.h; sourceTree = "<group>"; };
		02F2FD9F1D4A30E3006D4C83 /* JSONModelClassProperty.m */ = {isa = PBXFileReference; fileEncoding = 4; lastKnownFileType = sourcecode.c.objc; path = JSONModelClassProperty.m; sourceTree = "<group>"; };
		02F2FDA01D4A30E3006D4C83 /* JSONModelError.h */ = {isa = PBXFileReference; fileEncoding = 4; lastKnownFileType = sourcecode.c.h; path = JSONModelError.h; sourceTree = "<group>"; };
		02F2FDA11D4A30E3006D4C83 /* JSONModelError.m */ = {isa = PBXFileReference; fileEncoding = 4; lastKnownFileType = sourcecode.c.objc; path = JSONModelError.m; sourceTree = "<group>"; };
		02F2FDA31D4A30E3006D4C83 /* NSArray+JSONModel.h */ = {isa = PBXFileReference; fileEncoding = 4; lastKnownFileType = sourcecode.c.h; path = "NSArray+JSONModel.h"; sourceTree = "<group>"; };
		02F2FDA41D4A30E3006D4C83 /* NSArray+JSONModel.m */ = {isa = PBXFileReference; fileEncoding = 4; lastKnownFileType = sourcecode.c.objc; path = "NSArray+JSONModel.m"; sourceTree = "<group>"; };
		02F2FDA51D4A30E3006D4C83 /* JSONModelLib.h */ = {isa = PBXFileReference; fileEncoding = 4; lastKnownFileType = sourcecode.c.h; path = JSONModelLib.h; sourceTree = "<group>"; };
		02F2FDA71D4A30E3006D4C83 /* JSONAPI.h */ = {isa = PBXFileReference; fileEncoding = 4; lastKnownFileType = sourcecode.c.h; path = JSONAPI.h; sourceTree = "<group>"; };
		02F2FDA81D4A30E3006D4C83 /* JSONAPI.m */ = {isa = PBXFileReference; fileEncoding = 4; lastKnownFileType = sourcecode.c.objc; path = JSONAPI.m; sourceTree = "<group>"; };
		02F2FDA91D4A30E3006D4C83 /* JSONHTTPClient.h */ = {isa = PBXFileReference; fileEncoding = 4; lastKnownFileType = sourcecode.c.h; path = JSONHTTPClient.h; sourceTree = "<group>"; };
		02F2FDAA1D4A30E3006D4C83 /* JSONHTTPClient.m */ = {isa = PBXFileReference; fileEncoding = 4; lastKnownFileType = sourcecode.c.objc; path = JSONHTTPClient.m; sourceTree = "<group>"; };
		02F2FDAB1D4A30E3006D4C83 /* JSONModel+networking.h */ = {isa = PBXFileReference; fileEncoding = 4; lastKnownFileType = sourcecode.c.h; path = "JSONModel+networking.h"; sourceTree = "<group>"; };
		02F2FDAC1D4A30E3006D4C83 /* JSONModel+networking.m */ = {isa = PBXFileReference; fileEncoding = 4; lastKnownFileType = sourcecode.c.objc; path = "JSONModel+networking.m"; sourceTree = "<group>"; };
		02F2FDAE1D4A30E3006D4C83 /* JSONKeyMapper.h */ = {isa = PBXFileReference; fileEncoding = 4; lastKnownFileType = sourcecode.c.h; path = JSONKeyMapper.h; sourceTree = "<group>"; };
		02F2FDAF1D4A30E3006D4C83 /* JSONKeyMapper.m */ = {isa = PBXFileReference; fileEncoding = 4; lastKnownFileType = sourcecode.c.objc; path = JSONKeyMapper.m; sourceTree = "<group>"; };
		02F2FDB01D4A30E3006D4C83 /* JSONValueTransformer.h */ = {isa = PBXFileReference; fileEncoding = 4; lastKnownFileType = sourcecode.c.h; path = JSONValueTransformer.h; sourceTree = "<group>"; };
		02F2FDB11D4A30E3006D4C83 /* JSONValueTransformer.m */ = {isa = PBXFileReference; fileEncoding = 4; lastKnownFileType = sourcecode.c.objc; path = JSONValueTransformer.m; sourceTree = "<group>"; };
		02F2FDB21D4A30E3006D4C83 /* LoginRequest.h */ = {isa = PBXFileReference; fileEncoding = 4; lastKnownFileType = sourcecode.c.h; path = LoginRequest.h; sourceTree = "<group>"; };
		02F2FDB31D4A30E3006D4C83 /* LoginRequest.m */ = {isa = PBXFileReference; fileEncoding = 4; lastKnownFileType = sourcecode.c.objc; path = LoginRequest.m; sourceTree = "<group>"; };
		02F2FDB41D4A30E3006D4C83 /* LoginResponse.h */ = {isa = PBXFileReference; fileEncoding = 4; lastKnownFileType = sourcecode.c.h; path = LoginResponse.h; sourceTree = "<group>"; };
		02F2FDB51D4A30E3006D4C83 /* LoginResponse.m */ = {isa = PBXFileReference; fileEncoding = 4; lastKnownFileType = sourcecode.c.objc; path = LoginResponse.m; sourceTree = "<group>"; };
		02F2FDB61D4A30E3006D4C83 /* LogoutRequest.h */ = {isa = PBXFileReference; fileEncoding = 4; lastKnownFileType = sourcecode.c.h; path = LogoutRequest.h; sourceTree = "<group>"; };
		02F2FDB71D4A30E3006D4C83 /* LogoutRequest.m */ = {isa = PBXFileReference; fileEncoding = 4; lastKnownFileType = sourcecode.c.objc; path = LogoutRequest.m; sourceTree = "<group>"; };
		02F2FDB81D4A30E3006D4C83 /* LogoutResponse.h */ = {isa = PBXFileReference; fileEncoding = 4; lastKnownFileType = sourcecode.c.h; path = LogoutResponse.h; sourceTree = "<group>"; };
		02F2FDB91D4A30E3006D4C83 /* LogoutResponse.m */ = {isa = PBXFileReference; fileEncoding = 4; lastKnownFileType = sourcecode.c.objc; path = LogoutResponse.m; sourceTree = "<group>"; };
		02F2FDBB1D4A30E3006D4C83 /* LoginCommunicator.h */ = {isa = PBXFileReference; fileEncoding = 4; lastKnownFileType = sourcecode.c.h; path = LoginCommunicator.h; sourceTree = "<group>"; };
		02F2FDBC1D4A30E3006D4C83 /* LoginCommunicator.m */ = {isa = PBXFileReference; fileEncoding = 4; lastKnownFileType = sourcecode.c.objc; path = LoginCommunicator.m; sourceTree = "<group>"; };
		02F2FDBD1D4A30E3006D4C83 /* LogoutCommunicator.h */ = {isa = PBXFileReference; fileEncoding = 4; lastKnownFileType = sourcecode.c.h; path = LogoutCommunicator.h; sourceTree = "<group>"; };
		02F2FDBE1D4A30E3006D4C83 /* LogoutCommunicator.m */ = {isa = PBXFileReference; fileEncoding = 4; lastKnownFileType = sourcecode.c.objc; path = LogoutCommunicator.m; sourceTree = "<group>"; };
		02F2FDBF1D4A30E3006D4C83 /* TenpossCommunicator.h */ = {isa = PBXFileReference; fileEncoding = 4; lastKnownFileType = sourcecode.c.h; path = TenpossCommunicator.h; sourceTree = "<group>"; };
		02F2FDC01D4A30E3006D4C83 /* TenpossCommunicator.m */ = {isa = PBXFileReference; fileEncoding = 4; lastKnownFileType = sourcecode.c.objc; path = TenpossCommunicator.m; sourceTree = "<group>"; };
		02F2FDD61D4A32CC006D4C83 /* Const.h */ = {isa = PBXFileReference; fileEncoding = 4; lastKnownFileType = sourcecode.c.h; path = Const.h; sourceTree = "<group>"; };
		02F2FDD71D4A32CC006D4C83 /* Const.m */ = {isa = PBXFileReference; fileEncoding = 4; lastKnownFileType = sourcecode.c.objc; path = Const.m; sourceTree = "<group>"; };
		02F2FDDA1D4AF71A006D4C83 /* themify.ttf */ = {isa = PBXFileReference; lastKnownFileType = file; path = themify.ttf; sourceTree = "<group>"; };
		02F2FDDB1D4AF71A006D4C83 /* UIFont+Themify.h */ = {isa = PBXFileReference; fileEncoding = 4; lastKnownFileType = sourcecode.c.h; path = "UIFont+Themify.h"; sourceTree = "<group>"; };
		02F2FDDC1D4AF71A006D4C83 /* UIFont+Themify.m */ = {isa = PBXFileReference; fileEncoding = 4; lastKnownFileType = sourcecode.c.objc; path = "UIFont+Themify.m"; sourceTree = "<group>"; };
		02F2FDDD1D4AF71A006D4C83 /* UIImage+Font.h */ = {isa = PBXFileReference; fileEncoding = 4; lastKnownFileType = sourcecode.c.h; path = "UIImage+Font.h"; sourceTree = "<group>"; };
		02F2FDDE1D4AF71A006D4C83 /* UIImage+Font.m */ = {isa = PBXFileReference; fileEncoding = 4; lastKnownFileType = sourcecode.c.objc; path = "UIImage+Font.m"; sourceTree = "<group>"; };
		02F2FDE31D4AF79B006D4C83 /* TopScreenDataSource.h */ = {isa = PBXFileReference; fileEncoding = 4; lastKnownFileType = sourcecode.c.h; path = TopScreenDataSource.h; sourceTree = "<group>"; };
		02F2FDE41D4AF79B006D4C83 /* TopScreenDataSource.m */ = {isa = PBXFileReference; fileEncoding = 4; lastKnownFileType = sourcecode.c.objc; path = TopScreenDataSource.m; sourceTree = "<group>"; };
/* End PBXFileReference section */

/* Begin PBXFrameworksBuildPhase section */
		02DAF39F1D47CAA70068BB71 /* Frameworks */ = {
			isa = PBXFrameworksBuildPhase;
			buildActionMask = 2147483647;
			files = (
				022F25C51D525FFD008AEBA1 /* QuartzCore.framework in Frameworks */,
			);
			runOnlyForDeploymentPostprocessing = 0;
		};
		02DAF3B81D47CAA70068BB71 /* Frameworks */ = {
			isa = PBXFrameworksBuildPhase;
			buildActionMask = 2147483647;
			files = (
			);
			runOnlyForDeploymentPostprocessing = 0;
		};
		02DAF3C31D47CAA70068BB71 /* Frameworks */ = {
			isa = PBXFrameworksBuildPhase;
			buildActionMask = 2147483647;
			files = (
			);
			runOnlyForDeploymentPostprocessing = 0;
		};
/* End PBXFrameworksBuildPhase section */

/* Begin PBXGroup section */
		022F25BC1D525F81008AEBA1 /* CustomView */ = {
			isa = PBXGroup;
			children = (
				022F25D51D52BD28008AEBA1 /* UIViewController+MFSideMenuAdditions.h */,
				022F25D61D52BD28008AEBA1 /* UIViewController+MFSideMenuAdditions.m */,
				022F25BD1D525F81008AEBA1 /* MFSideMenu.h */,
				022F25BE1D525F81008AEBA1 /* MFSideMenuContainerViewController.h */,
				022F25BF1D525F81008AEBA1 /* MFSideMenuContainerViewController.m */,
				022F25C01D525F81008AEBA1 /* MFSideMenuShadow.h */,
				022F25C11D525F81008AEBA1 /* MFSideMenuShadow.m */,
			);
			path = CustomView;
			sourceTree = "<group>";
		};
		022F25C61D52605E008AEBA1 /* HexColors */ = {
			isa = PBXGroup;
			children = (
				022F25C71D52605E008AEBA1 /* HexColors.h */,
				022F25C81D52605E008AEBA1 /* HexColors.m */,
			);
			path = HexColors;
			sourceTree = "<group>";
		};
		022F25CD1D52B1E1008AEBA1 /* SideMenu */ = {
			isa = PBXGroup;
			children = (
				022F25CE1D52B20A008AEBA1 /* SideMenuTableViewController.h */,
				022F25CF1D52B20A008AEBA1 /* SideMenuTableViewController.m */,
			);
			path = SideMenu;
			sourceTree = "<group>";
		};
		022F25D11D52B777008AEBA1 /* SplashScreen */ = {
			isa = PBXGroup;
			children = (
				022F25D21D52B78C008AEBA1 /* SplashScreen.h */,
				022F25D31D52B78C008AEBA1 /* SplashScreen.m */,
			);
			path = SplashScreen;
			sourceTree = "<group>";
		};
		02CD65951D47CDDC0015661D /* Core */ = {
			isa = PBXGroup;
			children = (
				02CD65971D47CDF50015661D /* AppConfiguration.h */,
				02CD65981D47CDF50015661D /* AppConfiguration.m */,
			);
			path = Core;
			sourceTree = "<group>";
		};
		02CD65961D47CDDC0015661D /* Screens */ = {
			isa = PBXGroup;
			children = (
				022F25D11D52B777008AEBA1 /* SplashScreen */,
				022F25CD1D52B1E1008AEBA1 /* SideMenu */,
				02F2FDE21D4AF783006D4C83 /* TopScreen */,
				022F25CA1D52617D008AEBA1 /* MainNavigationController.h */,
				022F25CB1D52617D008AEBA1 /* MainNavigationController.m */,
			);
			path = Screens;
			sourceTree = "<group>";
		};
		02DAF3991D47CAA70068BB71 = {
			isa = PBXGroup;
			children = (
				022F25C41D525FFD008AEBA1 /* QuartzCore.framework */,
				02DAF3A41D47CAA70068BB71 /* Tenposs */,
				02DAF3BE1D47CAA70068BB71 /* TenpossTests */,
				02DAF3C91D47CAA70068BB71 /* TenpossUITests */,
				02DAF3A31D47CAA70068BB71 /* Products */,
			);
			sourceTree = "<group>";
		};
		02DAF3A31D47CAA70068BB71 /* Products */ = {
			isa = PBXGroup;
			children = (
				02DAF3A21D47CAA70068BB71 /* Tenposs.app */,
				02DAF3BB1D47CAA70068BB71 /* TenpossTests.xctest */,
				02DAF3C61D47CAA70068BB71 /* TenpossUITests.xctest */,
			);
			name = Products;
			sourceTree = "<group>";
		};
		02DAF3A41D47CAA70068BB71 /* Tenposs */ = {
			isa = PBXGroup;
			children = (
				02F2FDD51D4A32B1006D4C83 /* Utils */,
				02F2FD911D4A30E3006D4C83 /* Datamodel */,
				02F2FDBA1D4A30E3006D4C83 /* Communicator */,
				02CD65951D47CDDC0015661D /* Core */,
				02CD65961D47CDDC0015661D /* Screens */,
				02DAF3D81D47CAF80068BB71 /* ItemViews */,
				02DAF3A81D47CAA70068BB71 /* AppDelegate.h */,
				02DAF3A91D47CAA70068BB71 /* AppDelegate.m */,
				02DAF3AE1D47CAA70068BB71 /* Main.storyboard */,
				02DAF3B11D47CAA70068BB71 /* Assets.xcassets */,
				02DAF3B31D47CAA70068BB71 /* LaunchScreen.storyboard */,
				02DAF3B61D47CAA70068BB71 /* Info.plist */,
				02DAF3A51D47CAA70068BB71 /* Supporting Files */,
			);
			path = Tenposs;
			sourceTree = "<group>";
		};
		02DAF3A51D47CAA70068BB71 /* Supporting Files */ = {
			isa = PBXGroup;
			children = (
				02DAF3A61D47CAA70068BB71 /* main.m */,
			);
			name = "Supporting Files";
			sourceTree = "<group>";
		};
		02DAF3BE1D47CAA70068BB71 /* TenpossTests */ = {
			isa = PBXGroup;
			children = (
				02DAF3BF1D47CAA70068BB71 /* TenpossTests.m */,
				02DAF3C11D47CAA70068BB71 /* Info.plist */,
			);
			path = TenpossTests;
			sourceTree = "<group>";
		};
		02DAF3C91D47CAA70068BB71 /* TenpossUITests */ = {
			isa = PBXGroup;
			children = (
				02DAF3CA1D47CAA70068BB71 /* TenpossUITests.m */,
				02DAF3CC1D47CAA70068BB71 /* Info.plist */,
			);
			path = TenpossUITests;
			sourceTree = "<group>";
		};
		02DAF3D81D47CAF80068BB71 /* ItemViews */ = {
			isa = PBXGroup;
			children = (
				02DAF3D91D47CC5C0068BB71 /* CollectionViewItem */,
				02DAF3DA1D47CC5C0068BB71 /* MenuItem */,
			);
			path = ItemViews;
			sourceTree = "<group>";
		};
		02DAF3D91D47CC5C0068BB71 /* CollectionViewItem */ = {
			isa = PBXGroup;
			children = (
				02CD659F1D47D6C50015661D /* Item_Cell_Product.h */,
				02CD65A01D47D6C50015661D /* Item_Cell_Product.m */,
				02CD65A11D47D6C50015661D /* Item_Cell_Product.xib */,
				02CD65A41D47D8EB0015661D /* Item_Cell_Photo.h */,
				02CD65A51D47D8EB0015661D /* Item_Cell_Photo.m */,
				02CD65A61D47D8EB0015661D /* Item_Cell_Photo.xib */,
				02CD65A91D47D9AC0015661D /* Item_Cell_News.h */,
				02CD65AA1D47D9AC0015661D /* Item_Cell_News.m */,
				02CD65AB1D47D9AC0015661D /* Item_Cell_News.xib */,
				02CD65AE1D47E7DB0015661D /* Item_Cell_ShopInfo.h */,
				02CD65AF1D47E7DB0015661D /* Item_Cell_ShopInfo.m */,
				02CD65B01D47E7DB0015661D /* Item_Cell_ShopInfo.xib */,
				022F25D81D52C7D3008AEBA1 /* Top_Header.h */,
				022F25D91D52C7D3008AEBA1 /* Top_Header.m */,
				022F25DA1D52C7D3008AEBA1 /* Top_Header.xib */,
				022F25DD1D52C8DA008AEBA1 /* Top_Footer.h */,
				022F25DE1D52C8DA008AEBA1 /* Top_Footer.m */,
				022F25DF1D52C8DA008AEBA1 /* Top_Footer.xib */,
			);
			path = CollectionViewItem;
			sourceTree = "<group>";
		};
		02DAF3DA1D47CC5C0068BB71 /* MenuItem */ = {
			isa = PBXGroup;
			children = (
				02CD65901D47CD130015661D /* MenuItem_User.h */,
				02CD65911D47CD130015661D /* MenuItem_User.m */,
				02CD65921D47CD130015661D /* MenuItem_User.xib */,
				02CD659A1D47D4240015661D /* MenuItem_Common.h */,
				02CD659B1D47D4240015661D /* MenuItem_Common.m */,
				02CD659C1D47D4240015661D /* MenuItem_Common.xib */,
			);
			path = MenuItem;
			sourceTree = "<group>";
		};
		02F2FD911D4A30E3006D4C83 /* Datamodel */ = {
			isa = PBXGroup;
			children = (
				02F2FD921D4A30E3006D4C83 /* Bundle.h */,
				02F2FD931D4A30E3006D4C83 /* Bundle.m */,
				02F2FD941D4A30E3006D4C83 /* CommonRequest.h */,
				02F2FD951D4A30E3006D4C83 /* CommonRequest.m */,
				02F2FD961D4A30E3006D4C83 /* CommonResponse.h */,
				02F2FD971D4A30E3006D4C83 /* CommonResponse.m */,
				02F2FD981D4A30E3006D4C83 /* JSONModel */,
				02F2FDB21D4A30E3006D4C83 /* LoginRequest.h */,
				02F2FDB31D4A30E3006D4C83 /* LoginRequest.m */,
				02F2FDB41D4A30E3006D4C83 /* LoginResponse.h */,
				02F2FDB51D4A30E3006D4C83 /* LoginResponse.m */,
				02F2FDB61D4A30E3006D4C83 /* LogoutRequest.h */,
				02F2FDB71D4A30E3006D4C83 /* LogoutRequest.m */,
				02F2FDB81D4A30E3006D4C83 /* LogoutResponse.h */,
				02F2FDB91D4A30E3006D4C83 /* LogoutResponse.m */,
				022F25B31D50B4C0008AEBA1 /* DataModel.h */,
				022F25B41D50B4C0008AEBA1 /* DataModel.m */,
			);
			path = Datamodel;
			sourceTree = "<group>";
		};
		02F2FD981D4A30E3006D4C83 /* JSONModel */ = {
			isa = PBXGroup;
			children = (
				02F2FD991D4A30E3006D4C83 /* JSONModel */,
				02F2FDA21D4A30E3006D4C83 /* JSONModelCategories */,
				02F2FDA51D4A30E3006D4C83 /* JSONModelLib.h */,
				02F2FDA61D4A30E3006D4C83 /* JSONModelNetworking */,
				02F2FDAD1D4A30E3006D4C83 /* JSONModelTransformations */,
			);
			path = JSONModel;
			sourceTree = "<group>";
		};
		02F2FD991D4A30E3006D4C83 /* JSONModel */ = {
			isa = PBXGroup;
			children = (
				02F2FD9A1D4A30E3006D4C83 /* JSONModel.h */,
				02F2FD9B1D4A30E3006D4C83 /* JSONModel.m */,
				02F2FD9C1D4A30E3006D4C83 /* JSONModelArray.h */,
				02F2FD9D1D4A30E3006D4C83 /* JSONModelArray.m */,
				02F2FD9E1D4A30E3006D4C83 /* JSONModelClassProperty.h */,
				02F2FD9F1D4A30E3006D4C83 /* JSONModelClassProperty.m */,
				02F2FDA01D4A30E3006D4C83 /* JSONModelError.h */,
				02F2FDA11D4A30E3006D4C83 /* JSONModelError.m */,
			);
			path = JSONModel;
			sourceTree = "<group>";
		};
		02F2FDA21D4A30E3006D4C83 /* JSONModelCategories */ = {
			isa = PBXGroup;
			children = (
				02F2FDA31D4A30E3006D4C83 /* NSArray+JSONModel.h */,
				02F2FDA41D4A30E3006D4C83 /* NSArray+JSONModel.m */,
			);
			path = JSONModelCategories;
			sourceTree = "<group>";
		};
		02F2FDA61D4A30E3006D4C83 /* JSONModelNetworking */ = {
			isa = PBXGroup;
			children = (
				02F2FDA71D4A30E3006D4C83 /* JSONAPI.h */,
				02F2FDA81D4A30E3006D4C83 /* JSONAPI.m */,
				02F2FDA91D4A30E3006D4C83 /* JSONHTTPClient.h */,
				02F2FDAA1D4A30E3006D4C83 /* JSONHTTPClient.m */,
				02F2FDAB1D4A30E3006D4C83 /* JSONModel+networking.h */,
				02F2FDAC1D4A30E3006D4C83 /* JSONModel+networking.m */,
			);
			path = JSONModelNetworking;
			sourceTree = "<group>";
		};
		02F2FDAD1D4A30E3006D4C83 /* JSONModelTransformations */ = {
			isa = PBXGroup;
			children = (
				02F2FDAE1D4A30E3006D4C83 /* JSONKeyMapper.h */,
				02F2FDAF1D4A30E3006D4C83 /* JSONKeyMapper.m */,
				02F2FDB01D4A30E3006D4C83 /* JSONValueTransformer.h */,
				02F2FDB11D4A30E3006D4C83 /* JSONValueTransformer.m */,
			);
			path = JSONModelTransformations;
			sourceTree = "<group>";
		};
		02F2FDBA1D4A30E3006D4C83 /* Communicator */ = {
			isa = PBXGroup;
			children = (
				02F2FDBB1D4A30E3006D4C83 /* LoginCommunicator.h */,
				02F2FDBC1D4A30E3006D4C83 /* LoginCommunicator.m */,
				02F2FDBD1D4A30E3006D4C83 /* LogoutCommunicator.h */,
				02F2FDBE1D4A30E3006D4C83 /* LogoutCommunicator.m */,
				02F2FDBF1D4A30E3006D4C83 /* TenpossCommunicator.h */,
				02F2FDC01D4A30E3006D4C83 /* TenpossCommunicator.m */,
				022F25B91D524858008AEBA1 /* AppInfoCommunicator.h */,
				022F25BA1D524858008AEBA1 /* AppInfoCommunicator.m */,
			);
			path = Communicator;
			sourceTree = "<group>";
		};
		02F2FDD51D4A32B1006D4C83 /* Utils */ = {
			isa = PBXGroup;
			children = (
				022F25C61D52605E008AEBA1 /* HexColors */,
				022F25BC1D525F81008AEBA1 /* CustomView */,
				02F2FDD91D4AF71A006D4C83 /* ThemifyIcon */,
				02F2FDD61D4A32CC006D4C83 /* Const.h */,
				02F2FDD71D4A32CC006D4C83 /* Const.m */,
			);
			path = Utils;
			sourceTree = "<group>";
		};
		02F2FDD91D4AF71A006D4C83 /* ThemifyIcon */ = {
			isa = PBXGroup;
			children = (
				02F2FDDA1D4AF71A006D4C83 /* themify.ttf */,
				02F2FDDB1D4AF71A006D4C83 /* UIFont+Themify.h */,
				02F2FDDC1D4AF71A006D4C83 /* UIFont+Themify.m */,
				02F2FDDD1D4AF71A006D4C83 /* UIImage+Font.h */,
				02F2FDDE1D4AF71A006D4C83 /* UIImage+Font.m */,
			);
			path = ThemifyIcon;
			sourceTree = "<group>";
		};
		02F2FDE21D4AF783006D4C83 /* TopScreen */ = {
			isa = PBXGroup;
			children = (
				02F2FDE31D4AF79B006D4C83 /* TopScreenDataSource.h */,
				02F2FDE41D4AF79B006D4C83 /* TopScreenDataSource.m */,
				022F25B61D516E4D008AEBA1 /* TopScreen.h */,
				022F25B71D516E4D008AEBA1 /* TopScreen.m */,
			);
			path = TopScreen;
			sourceTree = "<group>";
		};
/* End PBXGroup section */

/* Begin PBXNativeTarget section */
		02DAF3A11D47CAA70068BB71 /* Tenposs */ = {
			isa = PBXNativeTarget;
			buildConfigurationList = 02DAF3CF1D47CAA70068BB71 /* Build configuration list for PBXNativeTarget "Tenposs" */;
			buildPhases = (
				02DAF39E1D47CAA70068BB71 /* Sources */,
				02DAF39F1D47CAA70068BB71 /* Frameworks */,
				02DAF3A01D47CAA70068BB71 /* Resources */,
			);
			buildRules = (
			);
			dependencies = (
			);
			name = Tenposs;
			productName = Tenposs;
			productReference = 02DAF3A21D47CAA70068BB71 /* Tenposs.app */;
			productType = "com.apple.product-type.application";
		};
		02DAF3BA1D47CAA70068BB71 /* TenpossTests */ = {
			isa = PBXNativeTarget;
			buildConfigurationList = 02DAF3D21D47CAA70068BB71 /* Build configuration list for PBXNativeTarget "TenpossTests" */;
			buildPhases = (
				02DAF3B71D47CAA70068BB71 /* Sources */,
				02DAF3B81D47CAA70068BB71 /* Frameworks */,
				02DAF3B91D47CAA70068BB71 /* Resources */,
			);
			buildRules = (
			);
			dependencies = (
				02DAF3BD1D47CAA70068BB71 /* PBXTargetDependency */,
			);
			name = TenpossTests;
			productName = TenpossTests;
			productReference = 02DAF3BB1D47CAA70068BB71 /* TenpossTests.xctest */;
			productType = "com.apple.product-type.bundle.unit-test";
		};
		02DAF3C51D47CAA70068BB71 /* TenpossUITests */ = {
			isa = PBXNativeTarget;
			buildConfigurationList = 02DAF3D51D47CAA70068BB71 /* Build configuration list for PBXNativeTarget "TenpossUITests" */;
			buildPhases = (
				02DAF3C21D47CAA70068BB71 /* Sources */,
				02DAF3C31D47CAA70068BB71 /* Frameworks */,
				02DAF3C41D47CAA70068BB71 /* Resources */,
			);
			buildRules = (
			);
			dependencies = (
				02DAF3C81D47CAA70068BB71 /* PBXTargetDependency */,
			);
			name = TenpossUITests;
			productName = TenpossUITests;
			productReference = 02DAF3C61D47CAA70068BB71 /* TenpossUITests.xctest */;
			productType = "com.apple.product-type.bundle.ui-testing";
		};
/* End PBXNativeTarget section */

/* Begin PBXProject section */
		02DAF39A1D47CAA70068BB71 /* Project object */ = {
			isa = PBXProject;
			attributes = {
				LastUpgradeCheck = 0730;
				ORGANIZATIONNAME = Tenposs;
				TargetAttributes = {
					02DAF3A11D47CAA70068BB71 = {
						CreatedOnToolsVersion = 7.3.1;
					};
					02DAF3BA1D47CAA70068BB71 = {
						CreatedOnToolsVersion = 7.3.1;
						TestTargetID = 02DAF3A11D47CAA70068BB71;
					};
					02DAF3C51D47CAA70068BB71 = {
						CreatedOnToolsVersion = 7.3.1;
						TestTargetID = 02DAF3A11D47CAA70068BB71;
					};
				};
			};
			buildConfigurationList = 02DAF39D1D47CAA70068BB71 /* Build configuration list for PBXProject "Tenposs" */;
			compatibilityVersion = "Xcode 3.2";
			developmentRegion = English;
			hasScannedForEncodings = 0;
			knownRegions = (
				en,
				Base,
			);
			mainGroup = 02DAF3991D47CAA70068BB71;
			productRefGroup = 02DAF3A31D47CAA70068BB71 /* Products */;
			projectDirPath = "";
			projectRoot = "";
			targets = (
				02DAF3A11D47CAA70068BB71 /* Tenposs */,
				02DAF3BA1D47CAA70068BB71 /* TenpossTests */,
				02DAF3C51D47CAA70068BB71 /* TenpossUITests */,
			);
		};
/* End PBXProject section */

/* Begin PBXResourcesBuildPhase section */
		02DAF3A01D47CAA70068BB71 /* Resources */ = {
			isa = PBXResourcesBuildPhase;
			buildActionMask = 2147483647;
			files = (
				02CD65A81D47D8EB0015661D /* Item_Cell_Photo.xib in Resources */,
				02CD65B21D47E7DB0015661D /* Item_Cell_ShopInfo.xib in Resources */,
				02CD65A31D47D6C50015661D /* Item_Cell_Product.xib in Resources */,
				02CD659E1D47D4240015661D /* MenuItem_Common.xib in Resources */,
				022F25E11D52C8DA008AEBA1 /* Top_Footer.xib in Resources */,
				02CD65941D47CD130015661D /* MenuItem_User.xib in Resources */,
				02DAF3B51D47CAA70068BB71 /* LaunchScreen.storyboard in Resources */,
				02CD65AD1D47D9AC0015661D /* Item_Cell_News.xib in Resources */,
				022F25DC1D52C7D3008AEBA1 /* Top_Header.xib in Resources */,
				02DAF3B21D47CAA70068BB71 /* Assets.xcassets in Resources */,
				02DAF3B01D47CAA70068BB71 /* Main.storyboard in Resources */,
				02F2FDDF1D4AF71A006D4C83 /* themify.ttf in Resources */,
			);
			runOnlyForDeploymentPostprocessing = 0;
		};
		02DAF3B91D47CAA70068BB71 /* Resources */ = {
			isa = PBXResourcesBuildPhase;
			buildActionMask = 2147483647;
			files = (
			);
			runOnlyForDeploymentPostprocessing = 0;
		};
		02DAF3C41D47CAA70068BB71 /* Resources */ = {
			isa = PBXResourcesBuildPhase;
			buildActionMask = 2147483647;
			files = (
			);
			runOnlyForDeploymentPostprocessing = 0;
		};
/* End PBXResourcesBuildPhase section */

/* Begin PBXSourcesBuildPhase section */
		02DAF39E1D47CAA70068BB71 /* Sources */ = {
			isa = PBXSourcesBuildPhase;
			buildActionMask = 2147483647;
			files = (
				02F2FDD11D4A30E3006D4C83 /* LogoutResponse.m in Sources */,
				02F2FDE11D4AF71A006D4C83 /* UIImage+Font.m in Sources */,
				02F2FDE01D4AF71A006D4C83 /* UIFont+Themify.m in Sources */,
				02F2FDCA1D4A30E3006D4C83 /* JSONHTTPClient.m in Sources */,
				022F25C31D525F81008AEBA1 /* MFSideMenuShadow.m in Sources */,
				02F2FDCF1D4A30E3006D4C83 /* LoginResponse.m in Sources */,
				02F2FDC51D4A30E3006D4C83 /* JSONModelArray.m in Sources */,
				02F2FDD21D4A30E3006D4C83 /* LoginCommunicator.m in Sources */,
				02F2FDD31D4A30E3006D4C83 /* LogoutCommunicator.m in Sources */,
				02F2FDC21D4A30E3006D4C83 /* CommonRequest.m in Sources */,
				02F2FDCE1D4A30E3006D4C83 /* LoginRequest.m in Sources */,
				02F2FDC11D4A30E3006D4C83 /* Bundle.m in Sources */,
				022F25B51D50B4C0008AEBA1 /* DataModel.m in Sources */,
				02F2FDCC1D4A30E3006D4C83 /* JSONKeyMapper.m in Sources */,
				022F25CC1D52617D008AEBA1 /* MainNavigationController.m in Sources */,
				022F25BB1D524858008AEBA1 /* AppInfoCommunicator.m in Sources */,
				02F2FDD01D4A30E3006D4C83 /* LogoutRequest.m in Sources */,
				02CD65A21D47D6C50015661D /* Item_Cell_Product.m in Sources */,
				02CD65991D47CDF50015661D /* AppConfiguration.m in Sources */,
				02CD65B11D47E7DB0015661D /* Item_Cell_ShopInfo.m in Sources */,
				02CD65931D47CD130015661D /* MenuItem_User.m in Sources */,
				02F2FDD41D4A30E3006D4C83 /* TenpossCommunicator.m in Sources */,
				02F2FDD81D4A32CC006D4C83 /* Const.m in Sources */,
				02CD65A71D47D8EB0015661D /* Item_Cell_Photo.m in Sources */,
				022F25D41D52B78C008AEBA1 /* SplashScreen.m in Sources */,
				02F2FDC41D4A30E3006D4C83 /* JSONModel.m in Sources */,
				02F2FDC71D4A30E3006D4C83 /* JSONModelError.m in Sources */,
				02F2FDC81D4A30E3006D4C83 /* NSArray+JSONModel.m in Sources */,
				02F2FDC61D4A30E3006D4C83 /* JSONModelClassProperty.m in Sources */,
				022F25D71D52BD28008AEBA1 /* UIViewController+MFSideMenuAdditions.m in Sources */,
				022F25B81D516E4D008AEBA1 /* TopScreen.m in Sources */,
				022F25C91D52605E008AEBA1 /* HexColors.m in Sources */,
				02DAF3AA1D47CAA70068BB71 /* AppDelegate.m in Sources */,
				022F25C21D525F81008AEBA1 /* MFSideMenuContainerViewController.m in Sources */,
				022F25D01D52B20A008AEBA1 /* SideMenuTableViewController.m in Sources */,
				02CD659D1D47D4240015661D /* MenuItem_Common.m in Sources */,
				02F2FDCD1D4A30E3006D4C83 /* JSONValueTransformer.m in Sources */,
				02F2FDE51D4AF79B006D4C83 /* TopScreenDataSource.m in Sources */,
				02F2FDC31D4A30E3006D4C83 /* CommonResponse.m in Sources */,
				02F2FDC91D4A30E3006D4C83 /* JSONAPI.m in Sources */,
				022F25E01D52C8DA008AEBA1 /* Top_Footer.m in Sources */,
				02CD65AC1D47D9AC0015661D /* Item_Cell_News.m in Sources */,
				02F2FDCB1D4A30E3006D4C83 /* JSONModel+networking.m in Sources */,
				022F25DB1D52C7D3008AEBA1 /* Top_Header.m in Sources */,
				02DAF3A71D47CAA70068BB71 /* main.m in Sources */,
			);
			runOnlyForDeploymentPostprocessing = 0;
		};
		02DAF3B71D47CAA70068BB71 /* Sources */ = {
			isa = PBXSourcesBuildPhase;
			buildActionMask = 2147483647;
			files = (
				02DAF3C01D47CAA70068BB71 /* TenpossTests.m in Sources */,
			);
			runOnlyForDeploymentPostprocessing = 0;
		};
		02DAF3C21D47CAA70068BB71 /* Sources */ = {
			isa = PBXSourcesBuildPhase;
			buildActionMask = 2147483647;
			files = (
				02DAF3CB1D47CAA70068BB71 /* TenpossUITests.m in Sources */,
			);
			runOnlyForDeploymentPostprocessing = 0;
		};
/* End PBXSourcesBuildPhase section */

/* Begin PBXTargetDependency section */
		02DAF3BD1D47CAA70068BB71 /* PBXTargetDependency */ = {
			isa = PBXTargetDependency;
			target = 02DAF3A11D47CAA70068BB71 /* Tenposs */;
			targetProxy = 02DAF3BC1D47CAA70068BB71 /* PBXContainerItemProxy */;
		};
		02DAF3C81D47CAA70068BB71 /* PBXTargetDependency */ = {
			isa = PBXTargetDependency;
			target = 02DAF3A11D47CAA70068BB71 /* Tenposs */;
			targetProxy = 02DAF3C71D47CAA70068BB71 /* PBXContainerItemProxy */;
		};
/* End PBXTargetDependency section */

/* Begin PBXVariantGroup section */
		02DAF3AE1D47CAA70068BB71 /* Main.storyboard */ = {
			isa = PBXVariantGroup;
			children = (
				02DAF3AF1D47CAA70068BB71 /* Base */,
			);
			name = Main.storyboard;
			sourceTree = "<group>";
		};
		02DAF3B31D47CAA70068BB71 /* LaunchScreen.storyboard */ = {
			isa = PBXVariantGroup;
			children = (
				02DAF3B41D47CAA70068BB71 /* Base */,
			);
			name = LaunchScreen.storyboard;
			sourceTree = "<group>";
		};
/* End PBXVariantGroup section */

/* Begin XCBuildConfiguration section */
		02DAF3CD1D47CAA70068BB71 /* Debug */ = {
			isa = XCBuildConfiguration;
			buildSettings = {
				ALWAYS_SEARCH_USER_PATHS = NO;
				CLANG_ANALYZER_NONNULL = YES;
				CLANG_CXX_LANGUAGE_STANDARD = "gnu++0x";
				CLANG_CXX_LIBRARY = "libc++";
				CLANG_ENABLE_MODULES = YES;
				CLANG_ENABLE_OBJC_ARC = YES;
				CLANG_WARN_BOOL_CONVERSION = YES;
				CLANG_WARN_CONSTANT_CONVERSION = YES;
				CLANG_WARN_DIRECT_OBJC_ISA_USAGE = YES_ERROR;
				CLANG_WARN_EMPTY_BODY = YES;
				CLANG_WARN_ENUM_CONVERSION = YES;
				CLANG_WARN_INT_CONVERSION = YES;
				CLANG_WARN_OBJC_ROOT_CLASS = YES_ERROR;
				CLANG_WARN_UNREACHABLE_CODE = YES;
				CLANG_WARN__DUPLICATE_METHOD_MATCH = YES;
				"CODE_SIGN_IDENTITY[sdk=iphoneos*]" = "iPhone Developer";
				COPY_PHASE_STRIP = NO;
				DEBUG_INFORMATION_FORMAT = dwarf;
				ENABLE_STRICT_OBJC_MSGSEND = YES;
				ENABLE_TESTABILITY = YES;
				GCC_C_LANGUAGE_STANDARD = gnu99;
				GCC_DYNAMIC_NO_PIC = NO;
				GCC_NO_COMMON_BLOCKS = YES;
				GCC_OPTIMIZATION_LEVEL = 0;
				GCC_PREPROCESSOR_DEFINITIONS = (
					"DEBUG=1",
					"$(inherited)",
				);
				GCC_WARN_64_TO_32_BIT_CONVERSION = YES;
				GCC_WARN_ABOUT_RETURN_TYPE = YES_ERROR;
				GCC_WARN_UNDECLARED_SELECTOR = YES;
				GCC_WARN_UNINITIALIZED_AUTOS = YES_AGGRESSIVE;
				GCC_WARN_UNUSED_FUNCTION = YES;
				GCC_WARN_UNUSED_VARIABLE = YES;
				IPHONEOS_DEPLOYMENT_TARGET = 9.3;
				MTL_ENABLE_DEBUG_INFO = YES;
				ONLY_ACTIVE_ARCH = YES;
				SDKROOT = iphoneos;
				TARGETED_DEVICE_FAMILY = "1,2";
			};
			name = Debug;
		};
		02DAF3CE1D47CAA70068BB71 /* Release */ = {
			isa = XCBuildConfiguration;
			buildSettings = {
				ALWAYS_SEARCH_USER_PATHS = NO;
				CLANG_ANALYZER_NONNULL = YES;
				CLANG_CXX_LANGUAGE_STANDARD = "gnu++0x";
				CLANG_CXX_LIBRARY = "libc++";
				CLANG_ENABLE_MODULES = YES;
				CLANG_ENABLE_OBJC_ARC = YES;
				CLANG_WARN_BOOL_CONVERSION = YES;
				CLANG_WARN_CONSTANT_CONVERSION = YES;
				CLANG_WARN_DIRECT_OBJC_ISA_USAGE = YES_ERROR;
				CLANG_WARN_EMPTY_BODY = YES;
				CLANG_WARN_ENUM_CONVERSION = YES;
				CLANG_WARN_INT_CONVERSION = YES;
				CLANG_WARN_OBJC_ROOT_CLASS = YES_ERROR;
				CLANG_WARN_UNREACHABLE_CODE = YES;
				CLANG_WARN__DUPLICATE_METHOD_MATCH = YES;
				"CODE_SIGN_IDENTITY[sdk=iphoneos*]" = "iPhone Developer";
				COPY_PHASE_STRIP = NO;
				DEBUG_INFORMATION_FORMAT = "dwarf-with-dsym";
				ENABLE_NS_ASSERTIONS = NO;
				ENABLE_STRICT_OBJC_MSGSEND = YES;
				GCC_C_LANGUAGE_STANDARD = gnu99;
				GCC_NO_COMMON_BLOCKS = YES;
				GCC_WARN_64_TO_32_BIT_CONVERSION = YES;
				GCC_WARN_ABOUT_RETURN_TYPE = YES_ERROR;
				GCC_WARN_UNDECLARED_SELECTOR = YES;
				GCC_WARN_UNINITIALIZED_AUTOS = YES_AGGRESSIVE;
				GCC_WARN_UNUSED_FUNCTION = YES;
				GCC_WARN_UNUSED_VARIABLE = YES;
				IPHONEOS_DEPLOYMENT_TARGET = 9.3;
				MTL_ENABLE_DEBUG_INFO = NO;
				SDKROOT = iphoneos;
				TARGETED_DEVICE_FAMILY = "1,2";
				VALIDATE_PRODUCT = YES;
			};
			name = Release;
		};
		02DAF3D01D47CAA70068BB71 /* Debug */ = {
			isa = XCBuildConfiguration;
			buildSettings = {
				ASSETCATALOG_COMPILER_APPICON_NAME = AppIcon;
				INFOPLIST_FILE = Tenposs/Info.plist;
				IPHONEOS_DEPLOYMENT_TARGET = 7.0;
				LD_RUNPATH_SEARCH_PATHS = "$(inherited) @executable_path/Frameworks";
				PRODUCT_BUNDLE_IDENTIFIER = jp.tenposs.Tenposs;
				PRODUCT_NAME = "$(TARGET_NAME)";
			};
			name = Debug;
		};
		02DAF3D11D47CAA70068BB71 /* Release */ = {
			isa = XCBuildConfiguration;
			buildSettings = {
				ASSETCATALOG_COMPILER_APPICON_NAME = AppIcon;
				INFOPLIST_FILE = Tenposs/Info.plist;
				IPHONEOS_DEPLOYMENT_TARGET = 7.0;
				LD_RUNPATH_SEARCH_PATHS = "$(inherited) @executable_path/Frameworks";
				PRODUCT_BUNDLE_IDENTIFIER = jp.tenposs.Tenposs;
				PRODUCT_NAME = "$(TARGET_NAME)";
			};
			name = Release;
		};
		02DAF3D31D47CAA70068BB71 /* Debug */ = {
			isa = XCBuildConfiguration;
			buildSettings = {
				BUNDLE_LOADER = "$(TEST_HOST)";
				INFOPLIST_FILE = TenpossTests/Info.plist;
				LD_RUNPATH_SEARCH_PATHS = "$(inherited) @executable_path/Frameworks @loader_path/Frameworks";
				PRODUCT_BUNDLE_IDENTIFIER = jp.tenposs.TenpossTests;
				PRODUCT_NAME = "$(TARGET_NAME)";
				TEST_HOST = "$(BUILT_PRODUCTS_DIR)/Tenposs.app/Tenposs";
			};
			name = Debug;
		};
		02DAF3D41D47CAA70068BB71 /* Release */ = {
			isa = XCBuildConfiguration;
			buildSettings = {
				BUNDLE_LOADER = "$(TEST_HOST)";
				INFOPLIST_FILE = TenpossTests/Info.plist;
				LD_RUNPATH_SEARCH_PATHS = "$(inherited) @executable_path/Frameworks @loader_path/Frameworks";
				PRODUCT_BUNDLE_IDENTIFIER = jp.tenposs.TenpossTests;
				PRODUCT_NAME = "$(TARGET_NAME)";
				TEST_HOST = "$(BUILT_PRODUCTS_DIR)/Tenposs.app/Tenposs";
			};
			name = Release;
		};
		02DAF3D61D47CAA70068BB71 /* Debug */ = {
			isa = XCBuildConfiguration;
			buildSettings = {
				INFOPLIST_FILE = TenpossUITests/Info.plist;
				LD_RUNPATH_SEARCH_PATHS = "$(inherited) @executable_path/Frameworks @loader_path/Frameworks";
				PRODUCT_BUNDLE_IDENTIFIER = jp.tenposs.TenpossUITests;
				PRODUCT_NAME = "$(TARGET_NAME)";
				TEST_TARGET_NAME = Tenposs;
			};
			name = Debug;
		};
		02DAF3D71D47CAA70068BB71 /* Release */ = {
			isa = XCBuildConfiguration;
			buildSettings = {
				INFOPLIST_FILE = TenpossUITests/Info.plist;
				LD_RUNPATH_SEARCH_PATHS = "$(inherited) @executable_path/Frameworks @loader_path/Frameworks";
				PRODUCT_BUNDLE_IDENTIFIER = jp.tenposs.TenpossUITests;
				PRODUCT_NAME = "$(TARGET_NAME)";
				TEST_TARGET_NAME = Tenposs;
			};
			name = Release;
		};
/* End XCBuildConfiguration section */

/* Begin XCConfigurationList section */
		02DAF39D1D47CAA70068BB71 /* Build configuration list for PBXProject "Tenposs" */ = {
			isa = XCConfigurationList;
			buildConfigurations = (
				02DAF3CD1D47CAA70068BB71 /* Debug */,
				02DAF3CE1D47CAA70068BB71 /* Release */,
			);
			defaultConfigurationIsVisible = 0;
			defaultConfigurationName = Release;
		};
		02DAF3CF1D47CAA70068BB71 /* Build configuration list for PBXNativeTarget "Tenposs" */ = {
			isa = XCConfigurationList;
			buildConfigurations = (
				02DAF3D01D47CAA70068BB71 /* Debug */,
				02DAF3D11D47CAA70068BB71 /* Release */,
			);
			defaultConfigurationIsVisible = 0;
			defaultConfigurationName = Release;
		};
		02DAF3D21D47CAA70068BB71 /* Build configuration list for PBXNativeTarget "TenpossTests" */ = {
			isa = XCConfigurationList;
			buildConfigurations = (
				02DAF3D31D47CAA70068BB71 /* Debug */,
				02DAF3D41D47CAA70068BB71 /* Release */,
			);
			defaultConfigurationIsVisible = 0;
			defaultConfigurationName = Release;
		};
		02DAF3D51D47CAA70068BB71 /* Build configuration list for PBXNativeTarget "TenpossUITests" */ = {
			isa = XCConfigurationList;
			buildConfigurations = (
				02DAF3D61D47CAA70068BB71 /* Debug */,
				02DAF3D71D47CAA70068BB71 /* Release */,
			);
			defaultConfigurationIsVisible = 0;
			defaultConfigurationName = Release;
		};
/* End XCConfigurationList section */
	};
	rootObject = 02DAF39A1D47CAA70068BB71 /* Project object */;
}
